// !$*UTF8*$!
{
	archiveVersion = 1;
	classes = {
	};
	objectVersion = 46;
	objects = {

/* Begin PBXBuildFile section */
		00E356F31AD99517003FC87E /* ToptalBlogsterTests.m in Sources */ = {isa = PBXBuildFile; fileRef = 00E356F21AD99517003FC87E /* ToptalBlogsterTests.m */; };
		03DAE57C099E49768F922BA5 /* BarlowCondensed-Light.ttf in Resources */ = {isa = PBXBuildFile; fileRef = 3A0A9314C8814660BC5E05B8 /* BarlowCondensed-Light.ttf */; };
		0C7D32025B7940A8857369E7 /* Barlow-Bold.ttf in Resources */ = {isa = PBXBuildFile; fileRef = BC5959337D994E40B49D307C /* Barlow-Bold.ttf */; };
		13B07FBC1A68108700A75B9A /* AppDelegate.m in Sources */ = {isa = PBXBuildFile; fileRef = 13B07FB01A68108700A75B9A /* AppDelegate.m */; };
		13B07FBD1A68108700A75B9A /* LaunchScreen.xib in Resources */ = {isa = PBXBuildFile; fileRef = 13B07FB11A68108700A75B9A /* LaunchScreen.xib */; };
		13B07FBF1A68108700A75B9A /* Images.xcassets in Resources */ = {isa = PBXBuildFile; fileRef = 13B07FB51A68108700A75B9A /* Images.xcassets */; };
		13B07FC11A68108700A75B9A /* main.m in Sources */ = {isa = PBXBuildFile; fileRef = 13B07FB71A68108700A75B9A /* main.m */; };
		14892EC654C32986F570F16C /* libPods-ToptalBlogster-tvOS.a in Frameworks */ = {isa = PBXBuildFile; fileRef = 8729237BEDEAB948A9731C34 /* libPods-ToptalBlogster-tvOS.a */; };
		1E6512C724784CD600845AAC /* GoogleService-Info.plist in Resources */ = {isa = PBXBuildFile; fileRef = 1E6512C624784CD600845AAC /* GoogleService-Info.plist */; };
		2368035376B04C299144119B /* Barlow-SemiBoldItalic.ttf in Resources */ = {isa = PBXBuildFile; fileRef = 165E6E98C96C4C8682B7F7D8 /* Barlow-SemiBoldItalic.ttf */; };
		252406F42E2B45D28C0AFBB7 /* BarlowCondensed-ExtraBoldItalic.ttf in Resources */ = {isa = PBXBuildFile; fileRef = 12E7166D77C7449CACC69BA1 /* BarlowCondensed-ExtraBoldItalic.ttf */; };
		2666566243C14C008EC336AB /* Barlow-MediumItalic.ttf in Resources */ = {isa = PBXBuildFile; fileRef = C6CA9B99EEED4022832E1F46 /* Barlow-MediumItalic.ttf */; };
		2D02E4BC1E0B4A80006451C7 /* AppDelegate.m in Sources */ = {isa = PBXBuildFile; fileRef = 13B07FB01A68108700A75B9A /* AppDelegate.m */; };
		2D02E4BD1E0B4A84006451C7 /* Images.xcassets in Resources */ = {isa = PBXBuildFile; fileRef = 13B07FB51A68108700A75B9A /* Images.xcassets */; };
		2D02E4BF1E0B4AB3006451C7 /* main.m in Sources */ = {isa = PBXBuildFile; fileRef = 13B07FB71A68108700A75B9A /* main.m */; };
		2DCD954D1E0B4F2C00145EB5 /* ToptalBlogsterTests.m in Sources */ = {isa = PBXBuildFile; fileRef = 00E356F21AD99517003FC87E /* ToptalBlogsterTests.m */; };
		430B2DC3320949FC9A3BEEEA /* Roboto.ttf in Resources */ = {isa = PBXBuildFile; fileRef = 79FF1ADD12644C2880742876 /* Roboto.ttf */; };
		430C6E45FD4C492C91F5532A /* Barlow-Black.ttf in Resources */ = {isa = PBXBuildFile; fileRef = 3AFC7C7B790448199E9C674B /* Barlow-Black.ttf */; };
		4733CE19DFD074BDF3E4363C /* libPods-ToptalBlogster-ToptalBlogsterTests.a in Frameworks */ = {isa = PBXBuildFile; fileRef = 86BA633274D0AC55373F6ED4 /* libPods-ToptalBlogster-ToptalBlogsterTests.a */; };
		49653A8B72D34C118D79C358 /* BarlowCondensed-Black.ttf in Resources */ = {isa = PBXBuildFile; fileRef = 01703618C5954D69915B87EF /* BarlowCondensed-Black.ttf */; };
		4BF8E86514987ACB7EBC1456 /* libPods-ToptalBlogster-tvOSTests.a in Frameworks */ = {isa = PBXBuildFile; fileRef = 3719E9B6B50C7CC19CE04464 /* libPods-ToptalBlogster-tvOSTests.a */; };
		4E6E60AF11CF412180E65059 /* BarlowCondensed-BoldItalic.ttf in Resources */ = {isa = PBXBuildFile; fileRef = 029EC921BA48471A831EC950 /* BarlowCondensed-BoldItalic.ttf */; };
		5284CB68A820414585945E1F /* BarlowCondensed-Bold.ttf in Resources */ = {isa = PBXBuildFile; fileRef = D6CA5B0F837146F8AFC4BDBB /* BarlowCondensed-Bold.ttf */; };
		52F1AB44D8D54614AEAF69B1 /* BarlowCondensed-LightItalic.ttf in Resources */ = {isa = PBXBuildFile; fileRef = FED5956DBCC9441E8B2EAF51 /* BarlowCondensed-LightItalic.ttf */; };
		535A451E2DF74655AE7BC6C5 /* Barlow-Light.ttf in Resources */ = {isa = PBXBuildFile; fileRef = 43062C67126D496DAD2CE939 /* Barlow-Light.ttf */; };
		53C1D4B1AF074CF19021833A /* Barlow-Thin.ttf in Resources */ = {isa = PBXBuildFile; fileRef = 0B0133320C404A1889244C47 /* Barlow-Thin.ttf */; };
		543523AB2CE84333A2C52603 /* BarlowCondensed-Medium.ttf in Resources */ = {isa = PBXBuildFile; fileRef = 3402548627AF467EAFE8B609 /* BarlowCondensed-Medium.ttf */; };
		5F6925F4FFAA4E0F801EA034 /* Barlow-BoldItalic.ttf in Resources */ = {isa = PBXBuildFile; fileRef = 1134E6F3EA7E45A2800AA847 /* Barlow-BoldItalic.ttf */; };
		6078B79CE3B347D895ED3188 /* rubicon-icon-font.ttf in Resources */ = {isa = PBXBuildFile; fileRef = F581E1015DBA4D6CBD5A63A1 /* rubicon-icon-font.ttf */; };
		612ECDA2B5844E5F9C86C97E /* Barlow-Regular.ttf in Resources */ = {isa = PBXBuildFile; fileRef = 667E69A769A74BF69684AA91 /* Barlow-Regular.ttf */; };
		6302750FA8F74A46B89925FD /* Barlow-ExtraBoldItalic.ttf in Resources */ = {isa = PBXBuildFile; fileRef = A93A1AAD33924C19896474BD /* Barlow-ExtraBoldItalic.ttf */; };
		6DA32231020C4FF4A29CAAC5 /* BarlowCondensed-MediumItalic.ttf in Resources */ = {isa = PBXBuildFile; fileRef = 9481DD6573ED48EDBCCDDC01 /* BarlowCondensed-MediumItalic.ttf */; };
		6DA7B379FCBF4C22A3D70BDF /* Barlow-BlackItalic.ttf in Resources */ = {isa = PBXBuildFile; fileRef = FB09DBBC12524617B389942C /* Barlow-BlackItalic.ttf */; };
		70B5B7878CE94D1792F53582 /* Barlow-ExtraLight.ttf in Resources */ = {isa = PBXBuildFile; fileRef = E2411191CD1B48BCA3FA6F5C /* Barlow-ExtraLight.ttf */; };
		8CC72C9A224A424B8B9573E7 /* BarlowCondensed-Thin.ttf in Resources */ = {isa = PBXBuildFile; fileRef = B447FDEC9447465880FFAF55 /* BarlowCondensed-Thin.ttf */; };
		8EF326CF7C5E4855BA058A8B /* BarlowCondensed-ThinItalic.ttf in Resources */ = {isa = PBXBuildFile; fileRef = 68701BFF97EF4C3EA2BC6000 /* BarlowCondensed-ThinItalic.ttf */; };
		91F63630BF944810A47E70DF /* BarlowCondensed-ExtraLightItalic.ttf in Resources */ = {isa = PBXBuildFile; fileRef = 26A491B3CA2F414FBA317A1F /* BarlowCondensed-ExtraLightItalic.ttf */; };
		9242B2D298394C6CB0A2377A /* Barlow-ExtraBold.ttf in Resources */ = {isa = PBXBuildFile; fileRef = D08F39970C1C4681BEF6E101 /* Barlow-ExtraBold.ttf */; };
		95A44972E05149C5992E11E3 /* Barlow-LightItalic.ttf in Resources */ = {isa = PBXBuildFile; fileRef = 99EEF5DC88A84F9C9B525F07 /* Barlow-LightItalic.ttf */; };
		9B5BE571DCE6430F9F710039 /* Barlow-SemiBold.ttf in Resources */ = {isa = PBXBuildFile; fileRef = F532071235AF4AA1B7CAAB89 /* Barlow-SemiBold.ttf */; };
		A403050014F04DD9A5FA61A3 /* BarlowCondensed-Regular.ttf in Resources */ = {isa = PBXBuildFile; fileRef = B3CAA403F53040518C94EAA3 /* BarlowCondensed-Regular.ttf */; };
		BB54784A3B0843C9AF120F01 /* BarlowCondensed-SemiBoldItalic.ttf in Resources */ = {isa = PBXBuildFile; fileRef = 44B3E2AC4F3C4523B191032F /* BarlowCondensed-SemiBoldItalic.ttf */; };
		C093EB897673457092E709EA /* Barlow-ThinItalic.ttf in Resources */ = {isa = PBXBuildFile; fileRef = F92DEB480D2D41A998442CC4 /* Barlow-ThinItalic.ttf */; };
		D476CAF473BC46D89859449E /* Barlow-ExtraLightItalic.ttf in Resources */ = {isa = PBXBuildFile; fileRef = 55050CE84D234723AAACD7E5 /* Barlow-ExtraLightItalic.ttf */; };
		D4DBF1D7DF174F9FBC0EE7B4 /* Roboto_medium.ttf in Resources */ = {isa = PBXBuildFile; fileRef = B15A5FA4603D49DC91CA8D4C /* Roboto_medium.ttf */; };
		D66A6A531FD74DB4956C724A /* Barlow-Italic.ttf in Resources */ = {isa = PBXBuildFile; fileRef = 37AC1990CE154867AC2C8CC3 /* Barlow-Italic.ttf */; };
		E5D41C334546444B8899FC34 /* BarlowCondensed-Italic.ttf in Resources */ = {isa = PBXBuildFile; fileRef = 7303EEB59FC345ADB6C59BB9 /* BarlowCondensed-Italic.ttf */; };
		E638C52F3A584CC2AB926211 /* BarlowCondensed-BlackItalic.ttf in Resources */ = {isa = PBXBuildFile; fileRef = 24E95F4DF8D046F1821ED76C /* BarlowCondensed-BlackItalic.ttf */; };
		E8133E2696404E31982EAE8D /* BarlowCondensed-ExtraBold.ttf in Resources */ = {isa = PBXBuildFile; fileRef = 2214EDCABB72445CA94BAD06 /* BarlowCondensed-ExtraBold.ttf */; };
		E94A0DB2181D4436B8A445AE /* Barlow-Medium.ttf in Resources */ = {isa = PBXBuildFile; fileRef = 2D9B1CDC55F248CFA0B7B757 /* Barlow-Medium.ttf */; };
		EED4D1882FE94BB2B6858867 /* BarlowCondensed-ExtraLight.ttf in Resources */ = {isa = PBXBuildFile; fileRef = D303A8B8056C4CB0B0BED088 /* BarlowCondensed-ExtraLight.ttf */; };
		F893C744A875A3C9EFD82369 /* libPods-ToptalBlogster.a in Frameworks */ = {isa = PBXBuildFile; fileRef = 77DB6E213BB5EB376A138312 /* libPods-ToptalBlogster.a */; };
		F98C1F8FF20C40A38D7990DC /* BarlowCondensed-SemiBold.ttf in Resources */ = {isa = PBXBuildFile; fileRef = AF57D61B7B9941FBA77949EF /* BarlowCondensed-SemiBold.ttf */; };
/* End PBXBuildFile section */

/* Begin PBXContainerItemProxy section */
		00E356F41AD99517003FC87E /* PBXContainerItemProxy */ = {
			isa = PBXContainerItemProxy;
			containerPortal = 83CBB9F71A601CBA00E9B192 /* Project object */;
			proxyType = 1;
			remoteGlobalIDString = 13B07F861A680F5B00A75B9A;
			remoteInfo = ToptalBlogster;
		};
		2D02E4911E0B4A5D006451C7 /* PBXContainerItemProxy */ = {
			isa = PBXContainerItemProxy;
			containerPortal = 83CBB9F71A601CBA00E9B192 /* Project object */;
			proxyType = 1;
			remoteGlobalIDString = 2D02E47A1E0B4A5D006451C7;
			remoteInfo = "ToptalBlogster-tvOS";
		};
/* End PBXContainerItemProxy section */

/* Begin PBXFileReference section */
		008F07F21AC5B25A0029DE68 /* main.jsbundle */ = {isa = PBXFileReference; fileEncoding = 4; lastKnownFileType = text; path = main.jsbundle; sourceTree = "<group>"; };
		00E356EE1AD99517003FC87E /* ToptalBlogsterTests.xctest */ = {isa = PBXFileReference; explicitFileType = wrapper.cfbundle; includeInIndex = 0; path = ToptalBlogsterTests.xctest; sourceTree = BUILT_PRODUCTS_DIR; };
		00E356F11AD99517003FC87E /* Info.plist */ = {isa = PBXFileReference; lastKnownFileType = text.plist.xml; path = Info.plist; sourceTree = "<group>"; };
		00E356F21AD99517003FC87E /* ToptalBlogsterTests.m */ = {isa = PBXFileReference; lastKnownFileType = sourcecode.c.objc; path = ToptalBlogsterTests.m; sourceTree = "<group>"; };
		01703618C5954D69915B87EF /* BarlowCondensed-Black.ttf */ = {isa = PBXFileReference; explicitFileType = undefined; fileEncoding = 9; includeInIndex = 0; lastKnownFileType = unknown; name = "BarlowCondensed-Black.ttf"; path = "../assets/fonts/BarlowCondensed-Black.ttf"; sourceTree = "<group>"; };
		0173F4F1D977B4A14B557DD0 /* Pods-ToptalBlogster-tvOSTests.release.xcconfig */ = {isa = PBXFileReference; includeInIndex = 1; lastKnownFileType = text.xcconfig; name = "Pods-ToptalBlogster-tvOSTests.release.xcconfig"; path = "Target Support Files/Pods-ToptalBlogster-tvOSTests/Pods-ToptalBlogster-tvOSTests.release.xcconfig"; sourceTree = "<group>"; };
		029EC921BA48471A831EC950 /* BarlowCondensed-BoldItalic.ttf */ = {isa = PBXFileReference; explicitFileType = undefined; fileEncoding = 9; includeInIndex = 0; lastKnownFileType = unknown; name = "BarlowCondensed-BoldItalic.ttf"; path = "../assets/fonts/BarlowCondensed-BoldItalic.ttf"; sourceTree = "<group>"; };
		0B0133320C404A1889244C47 /* Barlow-Thin.ttf */ = {isa = PBXFileReference; explicitFileType = undefined; fileEncoding = 9; includeInIndex = 0; lastKnownFileType = unknown; name = "Barlow-Thin.ttf"; path = "../assets/fonts/Barlow-Thin.ttf"; sourceTree = "<group>"; };
		1134E6F3EA7E45A2800AA847 /* Barlow-BoldItalic.ttf */ = {isa = PBXFileReference; explicitFileType = undefined; fileEncoding = 9; includeInIndex = 0; lastKnownFileType = unknown; name = "Barlow-BoldItalic.ttf"; path = "../assets/fonts/Barlow-BoldItalic.ttf"; sourceTree = "<group>"; };
		12E7166D77C7449CACC69BA1 /* BarlowCondensed-ExtraBoldItalic.ttf */ = {isa = PBXFileReference; explicitFileType = undefined; fileEncoding = 9; includeInIndex = 0; lastKnownFileType = unknown; name = "BarlowCondensed-ExtraBoldItalic.ttf"; path = "../assets/fonts/BarlowCondensed-ExtraBoldItalic.ttf"; sourceTree = "<group>"; };
		13B07F961A680F5B00A75B9A /* ToptalBlogster.app */ = {isa = PBXFileReference; explicitFileType = wrapper.application; includeInIndex = 0; path = ToptalBlogster.app; sourceTree = BUILT_PRODUCTS_DIR; };
		13B07FAF1A68108700A75B9A /* AppDelegate.h */ = {isa = PBXFileReference; fileEncoding = 4; lastKnownFileType = sourcecode.c.h; name = AppDelegate.h; path = ToptalBlogster/AppDelegate.h; sourceTree = "<group>"; };
		13B07FB01A68108700A75B9A /* AppDelegate.m */ = {isa = PBXFileReference; fileEncoding = 4; lastKnownFileType = sourcecode.c.objc; name = AppDelegate.m; path = ToptalBlogster/AppDelegate.m; sourceTree = "<group>"; };
		13B07FB21A68108700A75B9A /* Base */ = {isa = PBXFileReference; lastKnownFileType = file.xib; name = Base; path = Base.lproj/LaunchScreen.xib; sourceTree = "<group>"; };
		13B07FB51A68108700A75B9A /* Images.xcassets */ = {isa = PBXFileReference; lastKnownFileType = folder.assetcatalog; name = Images.xcassets; path = ToptalBlogster/Images.xcassets; sourceTree = "<group>"; };
		13B07FB61A68108700A75B9A /* Info.plist */ = {isa = PBXFileReference; fileEncoding = 4; lastKnownFileType = text.plist.xml; name = Info.plist; path = ToptalBlogster/Info.plist; sourceTree = "<group>"; };
		13B07FB71A68108700A75B9A /* main.m */ = {isa = PBXFileReference; fileEncoding = 4; lastKnownFileType = sourcecode.c.objc; name = main.m; path = ToptalBlogster/main.m; sourceTree = "<group>"; };
		165E6E98C96C4C8682B7F7D8 /* Barlow-SemiBoldItalic.ttf */ = {isa = PBXFileReference; explicitFileType = undefined; fileEncoding = 9; includeInIndex = 0; lastKnownFileType = unknown; name = "Barlow-SemiBoldItalic.ttf"; path = "../assets/fonts/Barlow-SemiBoldItalic.ttf"; sourceTree = "<group>"; };
		1E6512C624784CD600845AAC /* GoogleService-Info.plist */ = {isa = PBXFileReference; fileEncoding = 4; lastKnownFileType = text.plist.xml; path = "GoogleService-Info.plist"; sourceTree = "<group>"; };
		2214EDCABB72445CA94BAD06 /* BarlowCondensed-ExtraBold.ttf */ = {isa = PBXFileReference; explicitFileType = undefined; fileEncoding = 9; includeInIndex = 0; lastKnownFileType = unknown; name = "BarlowCondensed-ExtraBold.ttf"; path = "../assets/fonts/BarlowCondensed-ExtraBold.ttf"; sourceTree = "<group>"; };
		2226822A812D4FEA95BABAAB /* FontAwesome5_Solid.ttf */ = {isa = PBXFileReference; explicitFileType = undefined; fileEncoding = 9; includeInIndex = 0; lastKnownFileType = unknown; name = FontAwesome5_Solid.ttf; path = "../node_modules/native-base/Fonts/FontAwesome5_Solid.ttf"; sourceTree = "<group>"; };
		2354B537301F48E09CD401B3 /* Feather.ttf */ = {isa = PBXFileReference; explicitFileType = undefined; fileEncoding = 9; includeInIndex = 0; lastKnownFileType = unknown; name = Feather.ttf; path = "../node_modules/native-base/Fonts/Feather.ttf"; sourceTree = "<group>"; };
		24E95F4DF8D046F1821ED76C /* BarlowCondensed-BlackItalic.ttf */ = {isa = PBXFileReference; explicitFileType = undefined; fileEncoding = 9; includeInIndex = 0; lastKnownFileType = unknown; name = "BarlowCondensed-BlackItalic.ttf"; path = "../assets/fonts/BarlowCondensed-BlackItalic.ttf"; sourceTree = "<group>"; };
		26A491B3CA2F414FBA317A1F /* BarlowCondensed-ExtraLightItalic.ttf */ = {isa = PBXFileReference; explicitFileType = undefined; fileEncoding = 9; includeInIndex = 0; lastKnownFileType = unknown; name = "BarlowCondensed-ExtraLightItalic.ttf"; path = "../assets/fonts/BarlowCondensed-ExtraLightItalic.ttf"; sourceTree = "<group>"; };
		2D02E47B1E0B4A5D006451C7 /* ToptalBlogster-tvOS.app */ = {isa = PBXFileReference; explicitFileType = wrapper.application; includeInIndex = 0; path = "ToptalBlogster-tvOS.app"; sourceTree = BUILT_PRODUCTS_DIR; };
		2D02E4901E0B4A5D006451C7 /* ToptalBlogster-tvOSTests.xctest */ = {isa = PBXFileReference; explicitFileType = wrapper.cfbundle; includeInIndex = 0; path = "ToptalBlogster-tvOSTests.xctest"; sourceTree = BUILT_PRODUCTS_DIR; };
		2D9B1CDC55F248CFA0B7B757 /* Barlow-Medium.ttf */ = {isa = PBXFileReference; explicitFileType = undefined; fileEncoding = 9; includeInIndex = 0; lastKnownFileType = unknown; name = "Barlow-Medium.ttf"; path = "../assets/fonts/Barlow-Medium.ttf"; sourceTree = "<group>"; };
		33E9309411594FCD90F368A2 /* SimpleLineIcons.ttf */ = {isa = PBXFileReference; explicitFileType = undefined; fileEncoding = 9; includeInIndex = 0; lastKnownFileType = unknown; name = SimpleLineIcons.ttf; path = "../node_modules/native-base/Fonts/SimpleLineIcons.ttf"; sourceTree = "<group>"; };
		3402548627AF467EAFE8B609 /* BarlowCondensed-Medium.ttf */ = {isa = PBXFileReference; explicitFileType = undefined; fileEncoding = 9; includeInIndex = 0; lastKnownFileType = unknown; name = "BarlowCondensed-Medium.ttf"; path = "../assets/fonts/BarlowCondensed-Medium.ttf"; sourceTree = "<group>"; };
		365B7ABA56D0460C946F1E7D /* FontAwesome5_Brands.ttf */ = {isa = PBXFileReference; explicitFileType = undefined; fileEncoding = 9; includeInIndex = 0; lastKnownFileType = unknown; name = FontAwesome5_Brands.ttf; path = "../node_modules/native-base/Fonts/FontAwesome5_Brands.ttf"; sourceTree = "<group>"; };
		3719E9B6B50C7CC19CE04464 /* libPods-ToptalBlogster-tvOSTests.a */ = {isa = PBXFileReference; explicitFileType = archive.ar; includeInIndex = 0; path = "libPods-ToptalBlogster-tvOSTests.a"; sourceTree = BUILT_PRODUCTS_DIR; };
		37AC1990CE154867AC2C8CC3 /* Barlow-Italic.ttf */ = {isa = PBXFileReference; explicitFileType = undefined; fileEncoding = 9; includeInIndex = 0; lastKnownFileType = unknown; name = "Barlow-Italic.ttf"; path = "../assets/fonts/Barlow-Italic.ttf"; sourceTree = "<group>"; };
		3A0A9314C8814660BC5E05B8 /* BarlowCondensed-Light.ttf */ = {isa = PBXFileReference; explicitFileType = undefined; fileEncoding = 9; includeInIndex = 0; lastKnownFileType = unknown; name = "BarlowCondensed-Light.ttf"; path = "../assets/fonts/BarlowCondensed-Light.ttf"; sourceTree = "<group>"; };
		3AFC7C7B790448199E9C674B /* Barlow-Black.ttf */ = {isa = PBXFileReference; explicitFileType = undefined; fileEncoding = 9; includeInIndex = 0; lastKnownFileType = unknown; name = "Barlow-Black.ttf"; path = "../assets/fonts/Barlow-Black.ttf"; sourceTree = "<group>"; };
		43062C67126D496DAD2CE939 /* Barlow-Light.ttf */ = {isa = PBXFileReference; explicitFileType = undefined; fileEncoding = 9; includeInIndex = 0; lastKnownFileType = unknown; name = "Barlow-Light.ttf"; path = "../assets/fonts/Barlow-Light.ttf"; sourceTree = "<group>"; };
		44B3E2AC4F3C4523B191032F /* BarlowCondensed-SemiBoldItalic.ttf */ = {isa = PBXFileReference; explicitFileType = undefined; fileEncoding = 9; includeInIndex = 0; lastKnownFileType = unknown; name = "BarlowCondensed-SemiBoldItalic.ttf"; path = "../assets/fonts/BarlowCondensed-SemiBoldItalic.ttf"; sourceTree = "<group>"; };
		4DBBD1D41F45436D88FB381E /* FontAwesome5_Regular.ttf */ = {isa = PBXFileReference; explicitFileType = undefined; fileEncoding = 9; includeInIndex = 0; lastKnownFileType = unknown; name = FontAwesome5_Regular.ttf; path = "../node_modules/native-base/Fonts/FontAwesome5_Regular.ttf"; sourceTree = "<group>"; };
		55050CE84D234723AAACD7E5 /* Barlow-ExtraLightItalic.ttf */ = {isa = PBXFileReference; explicitFileType = undefined; fileEncoding = 9; includeInIndex = 0; lastKnownFileType = unknown; name = "Barlow-ExtraLightItalic.ttf"; path = "../assets/fonts/Barlow-ExtraLightItalic.ttf"; sourceTree = "<group>"; };
		667E69A769A74BF69684AA91 /* Barlow-Regular.ttf */ = {isa = PBXFileReference; explicitFileType = undefined; fileEncoding = 9; includeInIndex = 0; lastKnownFileType = unknown; name = "Barlow-Regular.ttf"; path = "../assets/fonts/Barlow-Regular.ttf"; sourceTree = "<group>"; };
		68701BFF97EF4C3EA2BC6000 /* BarlowCondensed-ThinItalic.ttf */ = {isa = PBXFileReference; explicitFileType = undefined; fileEncoding = 9; includeInIndex = 0; lastKnownFileType = unknown; name = "BarlowCondensed-ThinItalic.ttf"; path = "../assets/fonts/BarlowCondensed-ThinItalic.ttf"; sourceTree = "<group>"; };
		7303EEB59FC345ADB6C59BB9 /* BarlowCondensed-Italic.ttf */ = {isa = PBXFileReference; explicitFileType = undefined; fileEncoding = 9; includeInIndex = 0; lastKnownFileType = unknown; name = "BarlowCondensed-Italic.ttf"; path = "../assets/fonts/BarlowCondensed-Italic.ttf"; sourceTree = "<group>"; };
		77DB6E213BB5EB376A138312 /* libPods-ToptalBlogster.a */ = {isa = PBXFileReference; explicitFileType = archive.ar; includeInIndex = 0; path = "libPods-ToptalBlogster.a"; sourceTree = BUILT_PRODUCTS_DIR; };
		78D2C7BC48D2468EB8D0F99F /* AntDesign.ttf */ = {isa = PBXFileReference; explicitFileType = undefined; fileEncoding = 9; includeInIndex = 0; lastKnownFileType = unknown; name = AntDesign.ttf; path = "../node_modules/native-base/Fonts/AntDesign.ttf"; sourceTree = "<group>"; };
		79FF1ADD12644C2880742876 /* Roboto.ttf */ = {isa = PBXFileReference; explicitFileType = undefined; fileEncoding = 9; includeInIndex = 0; lastKnownFileType = unknown; name = Roboto.ttf; path = "../node_modules/native-base/Fonts/Roboto.ttf"; sourceTree = "<group>"; };
		7E131167D38443C1B64DFC96 /* MaterialIcons.ttf */ = {isa = PBXFileReference; explicitFileType = undefined; fileEncoding = 9; includeInIndex = 0; lastKnownFileType = unknown; name = MaterialIcons.ttf; path = "../node_modules/native-base/Fonts/MaterialIcons.ttf"; sourceTree = "<group>"; };
		8112AD8D751688635510562D /* Pods-ToptalBlogster-tvOS.debug.xcconfig */ = {isa = PBXFileReference; includeInIndex = 1; lastKnownFileType = text.xcconfig; name = "Pods-ToptalBlogster-tvOS.debug.xcconfig"; path = "Target Support Files/Pods-ToptalBlogster-tvOS/Pods-ToptalBlogster-tvOS.debug.xcconfig"; sourceTree = "<group>"; };
		830C0905DEA1B146E2876CA4 /* Pods-ToptalBlogster-tvOSTests.debug.xcconfig */ = {isa = PBXFileReference; includeInIndex = 1; lastKnownFileType = text.xcconfig; name = "Pods-ToptalBlogster-tvOSTests.debug.xcconfig"; path = "Target Support Files/Pods-ToptalBlogster-tvOSTests/Pods-ToptalBlogster-tvOSTests.debug.xcconfig"; sourceTree = "<group>"; };
		868131B0FE4229A99B273220 /* Pods-ToptalBlogster.release.xcconfig */ = {isa = PBXFileReference; includeInIndex = 1; lastKnownFileType = text.xcconfig; name = "Pods-ToptalBlogster.release.xcconfig"; path = "Target Support Files/Pods-ToptalBlogster/Pods-ToptalBlogster.release.xcconfig"; sourceTree = "<group>"; };
		86BA633274D0AC55373F6ED4 /* libPods-ToptalBlogster-ToptalBlogsterTests.a */ = {isa = PBXFileReference; explicitFileType = archive.ar; includeInIndex = 0; path = "libPods-ToptalBlogster-ToptalBlogsterTests.a"; sourceTree = BUILT_PRODUCTS_DIR; };
		8729237BEDEAB948A9731C34 /* libPods-ToptalBlogster-tvOS.a */ = {isa = PBXFileReference; explicitFileType = archive.ar; includeInIndex = 0; path = "libPods-ToptalBlogster-tvOS.a"; sourceTree = BUILT_PRODUCTS_DIR; };
		9481DD6573ED48EDBCCDDC01 /* BarlowCondensed-MediumItalic.ttf */ = {isa = PBXFileReference; explicitFileType = undefined; fileEncoding = 9; includeInIndex = 0; lastKnownFileType = unknown; name = "BarlowCondensed-MediumItalic.ttf"; path = "../assets/fonts/BarlowCondensed-MediumItalic.ttf"; sourceTree = "<group>"; };
		99C3BE7CD7FB392FCC9CC195 /* Pods-ToptalBlogster-ToptalBlogsterTests.debug.xcconfig */ = {isa = PBXFileReference; includeInIndex = 1; lastKnownFileType = text.xcconfig; name = "Pods-ToptalBlogster-ToptalBlogsterTests.debug.xcconfig"; path = "Target Support Files/Pods-ToptalBlogster-ToptalBlogsterTests/Pods-ToptalBlogster-ToptalBlogsterTests.debug.xcconfig"; sourceTree = "<group>"; };
		99EEF5DC88A84F9C9B525F07 /* Barlow-LightItalic.ttf */ = {isa = PBXFileReference; explicitFileType = undefined; fileEncoding = 9; includeInIndex = 0; lastKnownFileType = unknown; name = "Barlow-LightItalic.ttf"; path = "../assets/fonts/Barlow-LightItalic.ttf"; sourceTree = "<group>"; };
		9D1A3EF2E6AD4D9D85F1DD8B /* EvilIcons.ttf */ = {isa = PBXFileReference; explicitFileType = undefined; fileEncoding = 9; includeInIndex = 0; lastKnownFileType = unknown; name = EvilIcons.ttf; path = "../node_modules/native-base/Fonts/EvilIcons.ttf"; sourceTree = "<group>"; };
		A8144E278C6E4304AF207397 /* Entypo.ttf */ = {isa = PBXFileReference; explicitFileType = undefined; fileEncoding = 9; includeInIndex = 0; lastKnownFileType = unknown; name = Entypo.ttf; path = "../node_modules/native-base/Fonts/Entypo.ttf"; sourceTree = "<group>"; };
		A93A1AAD33924C19896474BD /* Barlow-ExtraBoldItalic.ttf */ = {isa = PBXFileReference; explicitFileType = undefined; fileEncoding = 9; includeInIndex = 0; lastKnownFileType = unknown; name = "Barlow-ExtraBoldItalic.ttf"; path = "../assets/fonts/Barlow-ExtraBoldItalic.ttf"; sourceTree = "<group>"; };
		AF57D61B7B9941FBA77949EF /* BarlowCondensed-SemiBold.ttf */ = {isa = PBXFileReference; explicitFileType = undefined; fileEncoding = 9; includeInIndex = 0; lastKnownFileType = unknown; name = "BarlowCondensed-SemiBold.ttf"; path = "../assets/fonts/BarlowCondensed-SemiBold.ttf"; sourceTree = "<group>"; };
		B10D0300E25A489E92A55C4E /* FontAwesome.ttf */ = {isa = PBXFileReference; explicitFileType = undefined; fileEncoding = 9; includeInIndex = 0; lastKnownFileType = unknown; name = FontAwesome.ttf; path = "../node_modules/native-base/Fonts/FontAwesome.ttf"; sourceTree = "<group>"; };
		B15A5FA4603D49DC91CA8D4C /* Roboto_medium.ttf */ = {isa = PBXFileReference; explicitFileType = undefined; fileEncoding = 9; includeInIndex = 0; lastKnownFileType = unknown; name = Roboto_medium.ttf; path = "../node_modules/native-base/Fonts/Roboto_medium.ttf"; sourceTree = "<group>"; };
		B2CE7F84E047FE232BF5B038 /* Pods-ToptalBlogster-tvOS.release.xcconfig */ = {isa = PBXFileReference; includeInIndex = 1; lastKnownFileType = text.xcconfig; name = "Pods-ToptalBlogster-tvOS.release.xcconfig"; path = "Target Support Files/Pods-ToptalBlogster-tvOS/Pods-ToptalBlogster-tvOS.release.xcconfig"; sourceTree = "<group>"; };
		B3CAA403F53040518C94EAA3 /* BarlowCondensed-Regular.ttf */ = {isa = PBXFileReference; explicitFileType = undefined; fileEncoding = 9; includeInIndex = 0; lastKnownFileType = unknown; name = "BarlowCondensed-Regular.ttf"; path = "../assets/fonts/BarlowCondensed-Regular.ttf"; sourceTree = "<group>"; };
		B447FDEC9447465880FFAF55 /* BarlowCondensed-Thin.ttf */ = {isa = PBXFileReference; explicitFileType = undefined; fileEncoding = 9; includeInIndex = 0; lastKnownFileType = unknown; name = "BarlowCondensed-Thin.ttf"; path = "../assets/fonts/BarlowCondensed-Thin.ttf"; sourceTree = "<group>"; };
		B99F460E251E4FAAB4E4E56A /* MaterialCommunityIcons.ttf */ = {isa = PBXFileReference; explicitFileType = undefined; fileEncoding = 9; includeInIndex = 0; lastKnownFileType = unknown; name = MaterialCommunityIcons.ttf; path = "../node_modules/native-base/Fonts/MaterialCommunityIcons.ttf"; sourceTree = "<group>"; };
		BC5959337D994E40B49D307C /* Barlow-Bold.ttf */ = {isa = PBXFileReference; explicitFileType = undefined; fileEncoding = 9; includeInIndex = 0; lastKnownFileType = unknown; name = "Barlow-Bold.ttf"; path = "../assets/fonts/Barlow-Bold.ttf"; sourceTree = "<group>"; };
		C6CA9B99EEED4022832E1F46 /* Barlow-MediumItalic.ttf */ = {isa = PBXFileReference; explicitFileType = undefined; fileEncoding = 9; includeInIndex = 0; lastKnownFileType = unknown; name = "Barlow-MediumItalic.ttf"; path = "../assets/fonts/Barlow-MediumItalic.ttf"; sourceTree = "<group>"; };
		D08F39970C1C4681BEF6E101 /* Barlow-ExtraBold.ttf */ = {isa = PBXFileReference; explicitFileType = undefined; fileEncoding = 9; includeInIndex = 0; lastKnownFileType = unknown; name = "Barlow-ExtraBold.ttf"; path = "../assets/fonts/Barlow-ExtraBold.ttf"; sourceTree = "<group>"; };
		D303A8B8056C4CB0B0BED088 /* BarlowCondensed-ExtraLight.ttf */ = {isa = PBXFileReference; explicitFileType = undefined; fileEncoding = 9; includeInIndex = 0; lastKnownFileType = unknown; name = "BarlowCondensed-ExtraLight.ttf"; path = "../assets/fonts/BarlowCondensed-ExtraLight.ttf"; sourceTree = "<group>"; };
		D508FC748CD04B6DBAFF0E95 /* Octicons.ttf */ = {isa = PBXFileReference; explicitFileType = undefined; fileEncoding = 9; includeInIndex = 0; lastKnownFileType = unknown; name = Octicons.ttf; path = "../node_modules/native-base/Fonts/Octicons.ttf"; sourceTree = "<group>"; };
		D6CA5B0F837146F8AFC4BDBB /* BarlowCondensed-Bold.ttf */ = {isa = PBXFileReference; explicitFileType = undefined; fileEncoding = 9; includeInIndex = 0; lastKnownFileType = unknown; name = "BarlowCondensed-Bold.ttf"; path = "../assets/fonts/BarlowCondensed-Bold.ttf"; sourceTree = "<group>"; };
		DE19617FB1B874540589DB51 /* Pods-ToptalBlogster-ToptalBlogsterTests.release.xcconfig */ = {isa = PBXFileReference; includeInIndex = 1; lastKnownFileType = text.xcconfig; name = "Pods-ToptalBlogster-ToptalBlogsterTests.release.xcconfig"; path = "Target Support Files/Pods-ToptalBlogster-ToptalBlogsterTests/Pods-ToptalBlogster-ToptalBlogsterTests.release.xcconfig"; sourceTree = "<group>"; };
		E1936496600F4233859AA3B1 /* Fontisto.ttf */ = {isa = PBXFileReference; explicitFileType = undefined; fileEncoding = 9; includeInIndex = 0; lastKnownFileType = unknown; name = Fontisto.ttf; path = "../node_modules/native-base/Fonts/Fontisto.ttf"; sourceTree = "<group>"; };
		E2411191CD1B48BCA3FA6F5C /* Barlow-ExtraLight.ttf */ = {isa = PBXFileReference; explicitFileType = undefined; fileEncoding = 9; includeInIndex = 0; lastKnownFileType = unknown; name = "Barlow-ExtraLight.ttf"; path = "../assets/fonts/Barlow-ExtraLight.ttf"; sourceTree = "<group>"; };
		ED297162215061F000B7C4FE /* JavaScriptCore.framework */ = {isa = PBXFileReference; lastKnownFileType = wrapper.framework; name = JavaScriptCore.framework; path = System/Library/Frameworks/JavaScriptCore.framework; sourceTree = SDKROOT; };
		ED2971642150620600B7C4FE /* JavaScriptCore.framework */ = {isa = PBXFileReference; lastKnownFileType = wrapper.framework; name = JavaScriptCore.framework; path = Platforms/AppleTVOS.platform/Developer/SDKs/AppleTVOS12.0.sdk/System/Library/Frameworks/JavaScriptCore.framework; sourceTree = DEVELOPER_DIR; };
		EDB573D8902B45F09C08010B /* Zocial.ttf */ = {isa = PBXFileReference; explicitFileType = undefined; fileEncoding = 9; includeInIndex = 0; lastKnownFileType = unknown; name = Zocial.ttf; path = "../node_modules/native-base/Fonts/Zocial.ttf"; sourceTree = "<group>"; };
		F0F3F114C4404F19BCE301B0 /* Foundation.ttf */ = {isa = PBXFileReference; explicitFileType = undefined; fileEncoding = 9; includeInIndex = 0; lastKnownFileType = unknown; name = Foundation.ttf; path = "../node_modules/native-base/Fonts/Foundation.ttf"; sourceTree = "<group>"; };
		F532071235AF4AA1B7CAAB89 /* Barlow-SemiBold.ttf */ = {isa = PBXFileReference; explicitFileType = undefined; fileEncoding = 9; includeInIndex = 0; lastKnownFileType = unknown; name = "Barlow-SemiBold.ttf"; path = "../assets/fonts/Barlow-SemiBold.ttf"; sourceTree = "<group>"; };
		F581E1015DBA4D6CBD5A63A1 /* rubicon-icon-font.ttf */ = {isa = PBXFileReference; explicitFileType = undefined; fileEncoding = 9; includeInIndex = 0; lastKnownFileType = unknown; name = "rubicon-icon-font.ttf"; path = "../node_modules/native-base/Fonts/rubicon-icon-font.ttf"; sourceTree = "<group>"; };
		F605397DD5480034E58599D5 /* Pods-ToptalBlogster.debug.xcconfig */ = {isa = PBXFileReference; includeInIndex = 1; lastKnownFileType = text.xcconfig; name = "Pods-ToptalBlogster.debug.xcconfig"; path = "Target Support Files/Pods-ToptalBlogster/Pods-ToptalBlogster.debug.xcconfig"; sourceTree = "<group>"; };
		F92DEB480D2D41A998442CC4 /* Barlow-ThinItalic.ttf */ = {isa = PBXFileReference; explicitFileType = undefined; fileEncoding = 9; includeInIndex = 0; lastKnownFileType = unknown; name = "Barlow-ThinItalic.ttf"; path = "../assets/fonts/Barlow-ThinItalic.ttf"; sourceTree = "<group>"; };
		FB09DBBC12524617B389942C /* Barlow-BlackItalic.ttf */ = {isa = PBXFileReference; explicitFileType = undefined; fileEncoding = 9; includeInIndex = 0; lastKnownFileType = unknown; name = "Barlow-BlackItalic.ttf"; path = "../assets/fonts/Barlow-BlackItalic.ttf"; sourceTree = "<group>"; };
		FED5956DBCC9441E8B2EAF51 /* BarlowCondensed-LightItalic.ttf */ = {isa = PBXFileReference; explicitFileType = undefined; fileEncoding = 9; includeInIndex = 0; lastKnownFileType = unknown; name = "BarlowCondensed-LightItalic.ttf"; path = "../assets/fonts/BarlowCondensed-LightItalic.ttf"; sourceTree = "<group>"; };
		FF692A6C4F174A26985802AA /* Ionicons.ttf */ = {isa = PBXFileReference; explicitFileType = undefined; fileEncoding = 9; includeInIndex = 0; lastKnownFileType = unknown; name = Ionicons.ttf; path = "../node_modules/native-base/Fonts/Ionicons.ttf"; sourceTree = "<group>"; };
/* End PBXFileReference section */

/* Begin PBXFrameworksBuildPhase section */
		00E356EB1AD99517003FC87E /* Frameworks */ = {
			isa = PBXFrameworksBuildPhase;
			buildActionMask = 2147483647;
			files = (
				4733CE19DFD074BDF3E4363C /* libPods-ToptalBlogster-ToptalBlogsterTests.a in Frameworks */,
			);
			runOnlyForDeploymentPostprocessing = 0;
		};
		13B07F8C1A680F5B00A75B9A /* Frameworks */ = {
			isa = PBXFrameworksBuildPhase;
			buildActionMask = 2147483647;
			files = (
				F893C744A875A3C9EFD82369 /* libPods-ToptalBlogster.a in Frameworks */,
			);
			runOnlyForDeploymentPostprocessing = 0;
		};
		2D02E4781E0B4A5D006451C7 /* Frameworks */ = {
			isa = PBXFrameworksBuildPhase;
			buildActionMask = 2147483647;
			files = (
				14892EC654C32986F570F16C /* libPods-ToptalBlogster-tvOS.a in Frameworks */,
			);
			runOnlyForDeploymentPostprocessing = 0;
		};
		2D02E48D1E0B4A5D006451C7 /* Frameworks */ = {
			isa = PBXFrameworksBuildPhase;
			buildActionMask = 2147483647;
			files = (
				4BF8E86514987ACB7EBC1456 /* libPods-ToptalBlogster-tvOSTests.a in Frameworks */,
			);
			runOnlyForDeploymentPostprocessing = 0;
		};
/* End PBXFrameworksBuildPhase section */

/* Begin PBXGroup section */
		00E356EF1AD99517003FC87E /* ToptalBlogsterTests */ = {
			isa = PBXGroup;
			children = (
				00E356F21AD99517003FC87E /* ToptalBlogsterTests.m */,
				00E356F01AD99517003FC87E /* Supporting Files */,
			);
			path = ToptalBlogsterTests;
			sourceTree = "<group>";
		};
		00E356F01AD99517003FC87E /* Supporting Files */ = {
			isa = PBXGroup;
			children = (
				00E356F11AD99517003FC87E /* Info.plist */,
			);
			name = "Supporting Files";
			sourceTree = "<group>";
		};
		05AEC1D527C440E183E2B904 /* Resources */ = {
			isa = PBXGroup;
			children = (
				78D2C7BC48D2468EB8D0F99F /* AntDesign.ttf */,
				A8144E278C6E4304AF207397 /* Entypo.ttf */,
				9D1A3EF2E6AD4D9D85F1DD8B /* EvilIcons.ttf */,
				2354B537301F48E09CD401B3 /* Feather.ttf */,
				B10D0300E25A489E92A55C4E /* FontAwesome.ttf */,
				365B7ABA56D0460C946F1E7D /* FontAwesome5_Brands.ttf */,
				4DBBD1D41F45436D88FB381E /* FontAwesome5_Regular.ttf */,
				2226822A812D4FEA95BABAAB /* FontAwesome5_Solid.ttf */,
				E1936496600F4233859AA3B1 /* Fontisto.ttf */,
				F0F3F114C4404F19BCE301B0 /* Foundation.ttf */,
				FF692A6C4F174A26985802AA /* Ionicons.ttf */,
				B99F460E251E4FAAB4E4E56A /* MaterialCommunityIcons.ttf */,
				7E131167D38443C1B64DFC96 /* MaterialIcons.ttf */,
				D508FC748CD04B6DBAFF0E95 /* Octicons.ttf */,
				B15A5FA4603D49DC91CA8D4C /* Roboto_medium.ttf */,
				79FF1ADD12644C2880742876 /* Roboto.ttf */,
				F581E1015DBA4D6CBD5A63A1 /* rubicon-icon-font.ttf */,
				33E9309411594FCD90F368A2 /* SimpleLineIcons.ttf */,
				EDB573D8902B45F09C08010B /* Zocial.ttf */,
				3AFC7C7B790448199E9C674B /* Barlow-Black.ttf */,
				FB09DBBC12524617B389942C /* Barlow-BlackItalic.ttf */,
				BC5959337D994E40B49D307C /* Barlow-Bold.ttf */,
				1134E6F3EA7E45A2800AA847 /* Barlow-BoldItalic.ttf */,
				D08F39970C1C4681BEF6E101 /* Barlow-ExtraBold.ttf */,
				A93A1AAD33924C19896474BD /* Barlow-ExtraBoldItalic.ttf */,
				E2411191CD1B48BCA3FA6F5C /* Barlow-ExtraLight.ttf */,
				55050CE84D234723AAACD7E5 /* Barlow-ExtraLightItalic.ttf */,
				37AC1990CE154867AC2C8CC3 /* Barlow-Italic.ttf */,
				43062C67126D496DAD2CE939 /* Barlow-Light.ttf */,
				99EEF5DC88A84F9C9B525F07 /* Barlow-LightItalic.ttf */,
				2D9B1CDC55F248CFA0B7B757 /* Barlow-Medium.ttf */,
				C6CA9B99EEED4022832E1F46 /* Barlow-MediumItalic.ttf */,
				667E69A769A74BF69684AA91 /* Barlow-Regular.ttf */,
				F532071235AF4AA1B7CAAB89 /* Barlow-SemiBold.ttf */,
				165E6E98C96C4C8682B7F7D8 /* Barlow-SemiBoldItalic.ttf */,
				0B0133320C404A1889244C47 /* Barlow-Thin.ttf */,
				F92DEB480D2D41A998442CC4 /* Barlow-ThinItalic.ttf */,
				01703618C5954D69915B87EF /* BarlowCondensed-Black.ttf */,
				24E95F4DF8D046F1821ED76C /* BarlowCondensed-BlackItalic.ttf */,
				D6CA5B0F837146F8AFC4BDBB /* BarlowCondensed-Bold.ttf */,
				029EC921BA48471A831EC950 /* BarlowCondensed-BoldItalic.ttf */,
				2214EDCABB72445CA94BAD06 /* BarlowCondensed-ExtraBold.ttf */,
				12E7166D77C7449CACC69BA1 /* BarlowCondensed-ExtraBoldItalic.ttf */,
				D303A8B8056C4CB0B0BED088 /* BarlowCondensed-ExtraLight.ttf */,
				26A491B3CA2F414FBA317A1F /* BarlowCondensed-ExtraLightItalic.ttf */,
				7303EEB59FC345ADB6C59BB9 /* BarlowCondensed-Italic.ttf */,
				3A0A9314C8814660BC5E05B8 /* BarlowCondensed-Light.ttf */,
				FED5956DBCC9441E8B2EAF51 /* BarlowCondensed-LightItalic.ttf */,
				3402548627AF467EAFE8B609 /* BarlowCondensed-Medium.ttf */,
				9481DD6573ED48EDBCCDDC01 /* BarlowCondensed-MediumItalic.ttf */,
				B3CAA403F53040518C94EAA3 /* BarlowCondensed-Regular.ttf */,
				AF57D61B7B9941FBA77949EF /* BarlowCondensed-SemiBold.ttf */,
				44B3E2AC4F3C4523B191032F /* BarlowCondensed-SemiBoldItalic.ttf */,
				B447FDEC9447465880FFAF55 /* BarlowCondensed-Thin.ttf */,
				68701BFF97EF4C3EA2BC6000 /* BarlowCondensed-ThinItalic.ttf */,
			);
			name = Resources;
			sourceTree = "<group>";
		};
		13B07FAE1A68108700A75B9A /* ToptalBlogster */ = {
			isa = PBXGroup;
			children = (
				008F07F21AC5B25A0029DE68 /* main.jsbundle */,
				13B07FAF1A68108700A75B9A /* AppDelegate.h */,
				13B07FB01A68108700A75B9A /* AppDelegate.m */,
				13B07FB51A68108700A75B9A /* Images.xcassets */,
				13B07FB61A68108700A75B9A /* Info.plist */,
				13B07FB11A68108700A75B9A /* LaunchScreen.xib */,
				13B07FB71A68108700A75B9A /* main.m */,
			);
			name = ToptalBlogster;
			sourceTree = "<group>";
		};
		2D16E6871FA4F8E400B85C8A /* Frameworks */ = {
			isa = PBXGroup;
			children = (
				ED297162215061F000B7C4FE /* JavaScriptCore.framework */,
				ED2971642150620600B7C4FE /* JavaScriptCore.framework */,
				77DB6E213BB5EB376A138312 /* libPods-ToptalBlogster.a */,
				86BA633274D0AC55373F6ED4 /* libPods-ToptalBlogster-ToptalBlogsterTests.a */,
				8729237BEDEAB948A9731C34 /* libPods-ToptalBlogster-tvOS.a */,
				3719E9B6B50C7CC19CE04464 /* libPods-ToptalBlogster-tvOSTests.a */,
			);
			name = Frameworks;
			sourceTree = "<group>";
		};
		604F43684AEF2DF1289E025F /* Pods */ = {
			isa = PBXGroup;
			children = (
				F605397DD5480034E58599D5 /* Pods-ToptalBlogster.debug.xcconfig */,
				868131B0FE4229A99B273220 /* Pods-ToptalBlogster.release.xcconfig */,
				99C3BE7CD7FB392FCC9CC195 /* Pods-ToptalBlogster-ToptalBlogsterTests.debug.xcconfig */,
				DE19617FB1B874540589DB51 /* Pods-ToptalBlogster-ToptalBlogsterTests.release.xcconfig */,
				8112AD8D751688635510562D /* Pods-ToptalBlogster-tvOS.debug.xcconfig */,
				B2CE7F84E047FE232BF5B038 /* Pods-ToptalBlogster-tvOS.release.xcconfig */,
				830C0905DEA1B146E2876CA4 /* Pods-ToptalBlogster-tvOSTests.debug.xcconfig */,
				0173F4F1D977B4A14B557DD0 /* Pods-ToptalBlogster-tvOSTests.release.xcconfig */,
			);
			path = Pods;
			sourceTree = "<group>";
		};
		832341AE1AAA6A7D00B99B32 /* Libraries */ = {
			isa = PBXGroup;
			children = (
			);
			name = Libraries;
			sourceTree = "<group>";
		};
		83CBB9F61A601CBA00E9B192 = {
			isa = PBXGroup;
			children = (
				1E6512C624784CD600845AAC /* GoogleService-Info.plist */,
				13B07FAE1A68108700A75B9A /* ToptalBlogster */,
				832341AE1AAA6A7D00B99B32 /* Libraries */,
				00E356EF1AD99517003FC87E /* ToptalBlogsterTests */,
				83CBBA001A601CBA00E9B192 /* Products */,
				2D16E6871FA4F8E400B85C8A /* Frameworks */,
				604F43684AEF2DF1289E025F /* Pods */,
				05AEC1D527C440E183E2B904 /* Resources */,
			);
			indentWidth = 2;
			sourceTree = "<group>";
			tabWidth = 2;
			usesTabs = 0;
		};
		83CBBA001A601CBA00E9B192 /* Products */ = {
			isa = PBXGroup;
			children = (
				13B07F961A680F5B00A75B9A /* ToptalBlogster.app */,
				00E356EE1AD99517003FC87E /* ToptalBlogsterTests.xctest */,
				2D02E47B1E0B4A5D006451C7 /* ToptalBlogster-tvOS.app */,
				2D02E4901E0B4A5D006451C7 /* ToptalBlogster-tvOSTests.xctest */,
			);
			name = Products;
			sourceTree = "<group>";
		};
/* End PBXGroup section */

/* Begin PBXNativeTarget section */
		00E356ED1AD99517003FC87E /* ToptalBlogsterTests */ = {
			isa = PBXNativeTarget;
			buildConfigurationList = 00E357021AD99517003FC87E /* Build configuration list for PBXNativeTarget "ToptalBlogsterTests" */;
			buildPhases = (
				57AD4DFD1DEB4881B4647D8A /* [CP] Check Pods Manifest.lock */,
				00E356EA1AD99517003FC87E /* Sources */,
				00E356EB1AD99517003FC87E /* Frameworks */,
				00E356EC1AD99517003FC87E /* Resources */,
				8D90C64D3699125403FB2BD8 /* [CP] Copy Pods Resources */,
			);
			buildRules = (
			);
			dependencies = (
				00E356F51AD99517003FC87E /* PBXTargetDependency */,
			);
			name = ToptalBlogsterTests;
			productName = ToptalBlogsterTests;
			productReference = 00E356EE1AD99517003FC87E /* ToptalBlogsterTests.xctest */;
			productType = "com.apple.product-type.bundle.unit-test";
		};
		13B07F861A680F5B00A75B9A /* ToptalBlogster */ = {
			isa = PBXNativeTarget;
			buildConfigurationList = 13B07F931A680F5B00A75B9A /* Build configuration list for PBXNativeTarget "ToptalBlogster" */;
			buildPhases = (
				0509821F5378561DBEDF1B96 /* [CP] Check Pods Manifest.lock */,
				FD10A7F022414F080027D42C /* Start Packager */,
				13B07F871A680F5B00A75B9A /* Sources */,
				13B07F8C1A680F5B00A75B9A /* Frameworks */,
				13B07F8E1A680F5B00A75B9A /* Resources */,
				00DD1BFF1BD5951E006B06BC /* Bundle React Native code and images */,
				90175E2F2A57E8034088917A /* [CP-User] [RNFB] Core Configuration */,
				A940CCEF90EE14CFD46741E2 /* [CP] Copy Pods Resources */,
			);
			buildRules = (
			);
			dependencies = (
			);
			name = ToptalBlogster;
			productName = ToptalBlogster;
			productReference = 13B07F961A680F5B00A75B9A /* ToptalBlogster.app */;
			productType = "com.apple.product-type.application";
		};
		2D02E47A1E0B4A5D006451C7 /* ToptalBlogster-tvOS */ = {
			isa = PBXNativeTarget;
			buildConfigurationList = 2D02E4BA1E0B4A5E006451C7 /* Build configuration list for PBXNativeTarget "ToptalBlogster-tvOS" */;
			buildPhases = (
				57F2345525B4B45F270A535A /* [CP] Check Pods Manifest.lock */,
				FD10A7F122414F3F0027D42C /* Start Packager */,
				2D02E4771E0B4A5D006451C7 /* Sources */,
				2D02E4781E0B4A5D006451C7 /* Frameworks */,
				2D02E4791E0B4A5D006451C7 /* Resources */,
				2D02E4CB1E0B4B27006451C7 /* Bundle React Native Code And Images */,
			);
			buildRules = (
			);
			dependencies = (
			);
			name = "ToptalBlogster-tvOS";
			productName = "ToptalBlogster-tvOS";
			productReference = 2D02E47B1E0B4A5D006451C7 /* ToptalBlogster-tvOS.app */;
			productType = "com.apple.product-type.application";
		};
		2D02E48F1E0B4A5D006451C7 /* ToptalBlogster-tvOSTests */ = {
			isa = PBXNativeTarget;
			buildConfigurationList = 2D02E4BB1E0B4A5E006451C7 /* Build configuration list for PBXNativeTarget "ToptalBlogster-tvOSTests" */;
			buildPhases = (
				D0F603F75908ADDD72FBAC72 /* [CP] Check Pods Manifest.lock */,
				2D02E48C1E0B4A5D006451C7 /* Sources */,
				2D02E48D1E0B4A5D006451C7 /* Frameworks */,
				2D02E48E1E0B4A5D006451C7 /* Resources */,
			);
			buildRules = (
			);
			dependencies = (
				2D02E4921E0B4A5D006451C7 /* PBXTargetDependency */,
			);
			name = "ToptalBlogster-tvOSTests";
			productName = "ToptalBlogster-tvOSTests";
			productReference = 2D02E4901E0B4A5D006451C7 /* ToptalBlogster-tvOSTests.xctest */;
			productType = "com.apple.product-type.bundle.unit-test";
		};
/* End PBXNativeTarget section */

/* Begin PBXProject section */
		83CBB9F71A601CBA00E9B192 /* Project object */ = {
			isa = PBXProject;
			attributes = {
				LastUpgradeCheck = 1130;
				TargetAttributes = {
					00E356ED1AD99517003FC87E = {
						CreatedOnToolsVersion = 6.2;
						TestTargetID = 13B07F861A680F5B00A75B9A;
					};
					13B07F861A680F5B00A75B9A = {
						DevelopmentTeam = M772E93TAU;
						LastSwiftMigration = 1120;
					};
					2D02E47A1E0B4A5D006451C7 = {
						CreatedOnToolsVersion = 8.2.1;
						ProvisioningStyle = Automatic;
					};
					2D02E48F1E0B4A5D006451C7 = {
						CreatedOnToolsVersion = 8.2.1;
						ProvisioningStyle = Automatic;
						TestTargetID = 2D02E47A1E0B4A5D006451C7;
					};
				};
			};
			buildConfigurationList = 83CBB9FA1A601CBA00E9B192 /* Build configuration list for PBXProject "ToptalBlogster" */;
			compatibilityVersion = "Xcode 3.2";
			developmentRegion = en;
			hasScannedForEncodings = 0;
			knownRegions = (
				en,
				Base,
			);
			mainGroup = 83CBB9F61A601CBA00E9B192;
			productRefGroup = 83CBBA001A601CBA00E9B192 /* Products */;
			projectDirPath = "";
			projectRoot = "";
			targets = (
				13B07F861A680F5B00A75B9A /* ToptalBlogster */,
				00E356ED1AD99517003FC87E /* ToptalBlogsterTests */,
				2D02E47A1E0B4A5D006451C7 /* ToptalBlogster-tvOS */,
				2D02E48F1E0B4A5D006451C7 /* ToptalBlogster-tvOSTests */,
			);
		};
/* End PBXProject section */

/* Begin PBXResourcesBuildPhase section */
		00E356EC1AD99517003FC87E /* Resources */ = {
			isa = PBXResourcesBuildPhase;
			buildActionMask = 2147483647;
			files = (
			);
			runOnlyForDeploymentPostprocessing = 0;
		};
		13B07F8E1A680F5B00A75B9A /* Resources */ = {
			isa = PBXResourcesBuildPhase;
			buildActionMask = 2147483647;
			files = (
				13B07FBF1A68108700A75B9A /* Images.xcassets in Resources */,
				1E6512C724784CD600845AAC /* GoogleService-Info.plist in Resources */,
				13B07FBD1A68108700A75B9A /* LaunchScreen.xib in Resources */,
				D4DBF1D7DF174F9FBC0EE7B4 /* Roboto_medium.ttf in Resources */,
				430B2DC3320949FC9A3BEEEA /* Roboto.ttf in Resources */,
				6078B79CE3B347D895ED3188 /* rubicon-icon-font.ttf in Resources */,
				430C6E45FD4C492C91F5532A /* Barlow-Black.ttf in Resources */,
				6DA7B379FCBF4C22A3D70BDF /* Barlow-BlackItalic.ttf in Resources */,
				0C7D32025B7940A8857369E7 /* Barlow-Bold.ttf in Resources */,
				5F6925F4FFAA4E0F801EA034 /* Barlow-BoldItalic.ttf in Resources */,
				9242B2D298394C6CB0A2377A /* Barlow-ExtraBold.ttf in Resources */,
				6302750FA8F74A46B89925FD /* Barlow-ExtraBoldItalic.ttf in Resources */,
				70B5B7878CE94D1792F53582 /* Barlow-ExtraLight.ttf in Resources */,
				D476CAF473BC46D89859449E /* Barlow-ExtraLightItalic.ttf in Resources */,
				D66A6A531FD74DB4956C724A /* Barlow-Italic.ttf in Resources */,
				535A451E2DF74655AE7BC6C5 /* Barlow-Light.ttf in Resources */,
				95A44972E05149C5992E11E3 /* Barlow-LightItalic.ttf in Resources */,
				E94A0DB2181D4436B8A445AE /* Barlow-Medium.ttf in Resources */,
				2666566243C14C008EC336AB /* Barlow-MediumItalic.ttf in Resources */,
				612ECDA2B5844E5F9C86C97E /* Barlow-Regular.ttf in Resources */,
				9B5BE571DCE6430F9F710039 /* Barlow-SemiBold.ttf in Resources */,
				2368035376B04C299144119B /* Barlow-SemiBoldItalic.ttf in Resources */,
				53C1D4B1AF074CF19021833A /* Barlow-Thin.ttf in Resources */,
				C093EB897673457092E709EA /* Barlow-ThinItalic.ttf in Resources */,
				49653A8B72D34C118D79C358 /* BarlowCondensed-Black.ttf in Resources */,
				E638C52F3A584CC2AB926211 /* BarlowCondensed-BlackItalic.ttf in Resources */,
				5284CB68A820414585945E1F /* BarlowCondensed-Bold.ttf in Resources */,
				4E6E60AF11CF412180E65059 /* BarlowCondensed-BoldItalic.ttf in Resources */,
				E8133E2696404E31982EAE8D /* BarlowCondensed-ExtraBold.ttf in Resources */,
				252406F42E2B45D28C0AFBB7 /* BarlowCondensed-ExtraBoldItalic.ttf in Resources */,
				EED4D1882FE94BB2B6858867 /* BarlowCondensed-ExtraLight.ttf in Resources */,
				91F63630BF944810A47E70DF /* BarlowCondensed-ExtraLightItalic.ttf in Resources */,
				E5D41C334546444B8899FC34 /* BarlowCondensed-Italic.ttf in Resources */,
				03DAE57C099E49768F922BA5 /* BarlowCondensed-Light.ttf in Resources */,
				52F1AB44D8D54614AEAF69B1 /* BarlowCondensed-LightItalic.ttf in Resources */,
				543523AB2CE84333A2C52603 /* BarlowCondensed-Medium.ttf in Resources */,
				6DA32231020C4FF4A29CAAC5 /* BarlowCondensed-MediumItalic.ttf in Resources */,
				A403050014F04DD9A5FA61A3 /* BarlowCondensed-Regular.ttf in Resources */,
				F98C1F8FF20C40A38D7990DC /* BarlowCondensed-SemiBold.ttf in Resources */,
				BB54784A3B0843C9AF120F01 /* BarlowCondensed-SemiBoldItalic.ttf in Resources */,
				8CC72C9A224A424B8B9573E7 /* BarlowCondensed-Thin.ttf in Resources */,
				8EF326CF7C5E4855BA058A8B /* BarlowCondensed-ThinItalic.ttf in Resources */,
			);
			runOnlyForDeploymentPostprocessing = 0;
		};
		2D02E4791E0B4A5D006451C7 /* Resources */ = {
			isa = PBXResourcesBuildPhase;
			buildActionMask = 2147483647;
			files = (
				2D02E4BD1E0B4A84006451C7 /* Images.xcassets in Resources */,
			);
			runOnlyForDeploymentPostprocessing = 0;
		};
		2D02E48E1E0B4A5D006451C7 /* Resources */ = {
			isa = PBXResourcesBuildPhase;
			buildActionMask = 2147483647;
			files = (
			);
			runOnlyForDeploymentPostprocessing = 0;
		};
/* End PBXResourcesBuildPhase section */

/* Begin PBXShellScriptBuildPhase section */
		00DD1BFF1BD5951E006B06BC /* Bundle React Native code and images */ = {
			isa = PBXShellScriptBuildPhase;
			buildActionMask = 2147483647;
			files = (
			);
			inputPaths = (
			);
			name = "Bundle React Native code and images";
			outputPaths = (
			);
			runOnlyForDeploymentPostprocessing = 0;
			shellPath = /bin/sh;
			shellScript = "export NODE_BINARY=node\n../node_modules/react-native/scripts/react-native-xcode.sh";
		};
		0509821F5378561DBEDF1B96 /* [CP] Check Pods Manifest.lock */ = {
			isa = PBXShellScriptBuildPhase;
			buildActionMask = 2147483647;
			files = (
			);
			inputFileListPaths = (
			);
			inputPaths = (
				"${PODS_PODFILE_DIR_PATH}/Podfile.lock",
				"${PODS_ROOT}/Manifest.lock",
			);
			name = "[CP] Check Pods Manifest.lock";
			outputFileListPaths = (
			);
			outputPaths = (
				"$(DERIVED_FILE_DIR)/Pods-ToptalBlogster-checkManifestLockResult.txt",
			);
			runOnlyForDeploymentPostprocessing = 0;
			shellPath = /bin/sh;
			shellScript = "diff \"${PODS_PODFILE_DIR_PATH}/Podfile.lock\" \"${PODS_ROOT}/Manifest.lock\" > /dev/null\nif [ $? != 0 ] ; then\n    # print error to STDERR\n    echo \"error: The sandbox is not in sync with the Podfile.lock. Run 'pod install' or update your CocoaPods installation.\" >&2\n    exit 1\nfi\n# This output is used by Xcode 'outputs' to avoid re-running this script phase.\necho \"SUCCESS\" > \"${SCRIPT_OUTPUT_FILE_0}\"\n";
			showEnvVarsInLog = 0;
		};
		2D02E4CB1E0B4B27006451C7 /* Bundle React Native Code And Images */ = {
			isa = PBXShellScriptBuildPhase;
			buildActionMask = 2147483647;
			files = (
			);
			inputPaths = (
			);
			name = "Bundle React Native Code And Images";
			outputPaths = (
			);
			runOnlyForDeploymentPostprocessing = 0;
			shellPath = /bin/sh;
			shellScript = "export NODE_BINARY=node\n../node_modules/react-native/scripts/react-native-xcode.sh";
		};
		57AD4DFD1DEB4881B4647D8A /* [CP] Check Pods Manifest.lock */ = {
			isa = PBXShellScriptBuildPhase;
			buildActionMask = 2147483647;
			files = (
			);
			inputFileListPaths = (
			);
			inputPaths = (
				"${PODS_PODFILE_DIR_PATH}/Podfile.lock",
				"${PODS_ROOT}/Manifest.lock",
			);
			name = "[CP] Check Pods Manifest.lock";
			outputFileListPaths = (
			);
			outputPaths = (
				"$(DERIVED_FILE_DIR)/Pods-ToptalBlogster-ToptalBlogsterTests-checkManifestLockResult.txt",
			);
			runOnlyForDeploymentPostprocessing = 0;
			shellPath = /bin/sh;
			shellScript = "diff \"${PODS_PODFILE_DIR_PATH}/Podfile.lock\" \"${PODS_ROOT}/Manifest.lock\" > /dev/null\nif [ $? != 0 ] ; then\n    # print error to STDERR\n    echo \"error: The sandbox is not in sync with the Podfile.lock. Run 'pod install' or update your CocoaPods installation.\" >&2\n    exit 1\nfi\n# This output is used by Xcode 'outputs' to avoid re-running this script phase.\necho \"SUCCESS\" > \"${SCRIPT_OUTPUT_FILE_0}\"\n";
			showEnvVarsInLog = 0;
		};
		57F2345525B4B45F270A535A /* [CP] Check Pods Manifest.lock */ = {
			isa = PBXShellScriptBuildPhase;
			buildActionMask = 2147483647;
			files = (
			);
			inputFileListPaths = (
			);
			inputPaths = (
				"${PODS_PODFILE_DIR_PATH}/Podfile.lock",
				"${PODS_ROOT}/Manifest.lock",
			);
			name = "[CP] Check Pods Manifest.lock";
			outputFileListPaths = (
			);
			outputPaths = (
				"$(DERIVED_FILE_DIR)/Pods-ToptalBlogster-tvOS-checkManifestLockResult.txt",
			);
			runOnlyForDeploymentPostprocessing = 0;
			shellPath = /bin/sh;
			shellScript = "diff \"${PODS_PODFILE_DIR_PATH}/Podfile.lock\" \"${PODS_ROOT}/Manifest.lock\" > /dev/null\nif [ $? != 0 ] ; then\n    # print error to STDERR\n    echo \"error: The sandbox is not in sync with the Podfile.lock. Run 'pod install' or update your CocoaPods installation.\" >&2\n    exit 1\nfi\n# This output is used by Xcode 'outputs' to avoid re-running this script phase.\necho \"SUCCESS\" > \"${SCRIPT_OUTPUT_FILE_0}\"\n";
			showEnvVarsInLog = 0;
		};
		8D90C64D3699125403FB2BD8 /* [CP] Copy Pods Resources */ = {
			isa = PBXShellScriptBuildPhase;
			buildActionMask = 2147483647;
			files = (
			);
			inputPaths = (
				"${PODS_ROOT}/Target Support Files/Pods-ToptalBlogster-ToptalBlogsterTests/Pods-ToptalBlogster-ToptalBlogsterTests-resources.sh",
				"${PODS_ROOT}/GoogleSignIn/Resources/GoogleSignIn.bundle",
				"${PODS_ROOT}/../../node_modules/react-native-vector-icons/Fonts/AntDesign.ttf",
				"${PODS_ROOT}/../../node_modules/react-native-vector-icons/Fonts/Entypo.ttf",
				"${PODS_ROOT}/../../node_modules/react-native-vector-icons/Fonts/EvilIcons.ttf",
				"${PODS_ROOT}/../../node_modules/react-native-vector-icons/Fonts/Feather.ttf",
				"${PODS_ROOT}/../../node_modules/react-native-vector-icons/Fonts/FontAwesome.ttf",
				"${PODS_ROOT}/../../node_modules/react-native-vector-icons/Fonts/FontAwesome5_Brands.ttf",
				"${PODS_ROOT}/../../node_modules/react-native-vector-icons/Fonts/FontAwesome5_Regular.ttf",
				"${PODS_ROOT}/../../node_modules/react-native-vector-icons/Fonts/FontAwesome5_Solid.ttf",
				"${PODS_ROOT}/../../node_modules/react-native-vector-icons/Fonts/Fontisto.ttf",
				"${PODS_ROOT}/../../node_modules/react-native-vector-icons/Fonts/Foundation.ttf",
				"${PODS_ROOT}/../../node_modules/react-native-vector-icons/Fonts/Ionicons.ttf",
				"${PODS_ROOT}/../../node_modules/react-native-vector-icons/Fonts/MaterialCommunityIcons.ttf",
				"${PODS_ROOT}/../../node_modules/react-native-vector-icons/Fonts/MaterialIcons.ttf",
				"${PODS_ROOT}/../../node_modules/react-native-vector-icons/Fonts/Octicons.ttf",
				"${PODS_ROOT}/../../node_modules/react-native-vector-icons/Fonts/SimpleLineIcons.ttf",
				"${PODS_ROOT}/../../node_modules/react-native-vector-icons/Fonts/Zocial.ttf",
				"${PODS_CONFIGURATION_BUILD_DIR}/gRPC-C++/gRPCCertificates-Cpp.bundle",
			);
			name = "[CP] Copy Pods Resources";
			outputPaths = (
				"${TARGET_BUILD_DIR}/${UNLOCALIZED_RESOURCES_FOLDER_PATH}/GoogleSignIn.bundle",
				"${TARGET_BUILD_DIR}/${UNLOCALIZED_RESOURCES_FOLDER_PATH}/AntDesign.ttf",
				"${TARGET_BUILD_DIR}/${UNLOCALIZED_RESOURCES_FOLDER_PATH}/Entypo.ttf",
				"${TARGET_BUILD_DIR}/${UNLOCALIZED_RESOURCES_FOLDER_PATH}/EvilIcons.ttf",
				"${TARGET_BUILD_DIR}/${UNLOCALIZED_RESOURCES_FOLDER_PATH}/Feather.ttf",
				"${TARGET_BUILD_DIR}/${UNLOCALIZED_RESOURCES_FOLDER_PATH}/FontAwesome.ttf",
				"${TARGET_BUILD_DIR}/${UNLOCALIZED_RESOURCES_FOLDER_PATH}/FontAwesome5_Brands.ttf",
				"${TARGET_BUILD_DIR}/${UNLOCALIZED_RESOURCES_FOLDER_PATH}/FontAwesome5_Regular.ttf",
				"${TARGET_BUILD_DIR}/${UNLOCALIZED_RESOURCES_FOLDER_PATH}/FontAwesome5_Solid.ttf",
				"${TARGET_BUILD_DIR}/${UNLOCALIZED_RESOURCES_FOLDER_PATH}/Fontisto.ttf",
				"${TARGET_BUILD_DIR}/${UNLOCALIZED_RESOURCES_FOLDER_PATH}/Foundation.ttf",
				"${TARGET_BUILD_DIR}/${UNLOCALIZED_RESOURCES_FOLDER_PATH}/Ionicons.ttf",
				"${TARGET_BUILD_DIR}/${UNLOCALIZED_RESOURCES_FOLDER_PATH}/MaterialCommunityIcons.ttf",
				"${TARGET_BUILD_DIR}/${UNLOCALIZED_RESOURCES_FOLDER_PATH}/MaterialIcons.ttf",
				"${TARGET_BUILD_DIR}/${UNLOCALIZED_RESOURCES_FOLDER_PATH}/Octicons.ttf",
				"${TARGET_BUILD_DIR}/${UNLOCALIZED_RESOURCES_FOLDER_PATH}/SimpleLineIcons.ttf",
				"${TARGET_BUILD_DIR}/${UNLOCALIZED_RESOURCES_FOLDER_PATH}/Zocial.ttf",
				"${TARGET_BUILD_DIR}/${UNLOCALIZED_RESOURCES_FOLDER_PATH}/gRPCCertificates-Cpp.bundle",
			);
			runOnlyForDeploymentPostprocessing = 0;
			shellPath = /bin/sh;
			shellScript = "\"${PODS_ROOT}/Target Support Files/Pods-ToptalBlogster-ToptalBlogsterTests/Pods-ToptalBlogster-ToptalBlogsterTests-resources.sh\"\n";
			showEnvVarsInLog = 0;
		};
		90175E2F2A57E8034088917A /* [CP-User] [RNFB] Core Configuration */ = {
			isa = PBXShellScriptBuildPhase;
			buildActionMask = 2147483647;
			files = (
			);
			name = "[CP-User] [RNFB] Core Configuration";
			runOnlyForDeploymentPostprocessing = 0;
			shellPath = /bin/sh;
			shellScript = "#!/usr/bin/env bash\n#\n# Copyright (c) 2016-present Invertase Limited & Contributors\n#\n# Licensed under the Apache License, Version 2.0 (the \"License\");\n# you may not use this library except in compliance with the License.\n# You may obtain a copy of the License at\n#\n#   http://www.apache.org/licenses/LICENSE-2.0\n#\n# Unless required by applicable law or agreed to in writing, software\n# distributed under the License is distributed on an \"AS IS\" BASIS,\n# WITHOUT WARRANTIES OR CONDITIONS OF ANY KIND, either express or implied.\n# See the License for the specific language governing permissions and\n# limitations under the License.\n#\nset -e\n\n_MAX_LOOKUPS=2;\n_SEARCH_RESULT=''\n_RN_ROOT_EXISTS=''\n_CURRENT_LOOKUPS=1\n_JSON_ROOT=\"'react-native'\"\n_JSON_FILE_NAME='firebase.json'\n_JSON_OUTPUT_BASE64='e30=' # { }\n_CURRENT_SEARCH_DIR=${PROJECT_DIR}\n_PLIST_BUDDY=/usr/libexec/PlistBuddy\n_TARGET_PLIST=\"${BUILT_PRODUCTS_DIR}/${INFOPLIST_PATH}\"\n_DSYM_PLIST=\"${DWARF_DSYM_FOLDER_PATH}/${DWARF_DSYM_FILE_NAME}/Contents/Info.plist\"\n\n# plist arrays\n_PLIST_ENTRY_KEYS=()\n_PLIST_ENTRY_TYPES=()\n_PLIST_ENTRY_VALUES=()\n\nfunction setPlistValue {\n  echo \"info:      setting plist entry '$1' of type '$2' in file '$4'\"\n  ${_PLIST_BUDDY} -c \"Add :$1 $2 '$3'\" $4 || echo \"info:      '$1' already exists\"\n}\n\nfunction getFirebaseJsonKeyValue () {\n  if [[ ${_RN_ROOT_EXISTS} ]]; then\n    ruby -e \"require 'rubygems';require 'json'; output=JSON.parse('$1'); puts output[$_JSON_ROOT]['$2']\"\n  else\n    echo \"\"\n  fi;\n}\n\nfunction jsonBoolToYesNo () {\n  if [[ $1 == \"false\" ]]; then\n    echo \"NO\"\n  elif [[ $1 == \"true\" ]]; then\n    echo \"YES\"\n  else echo \"NO\"\n  fi\n}\n\necho \"info: -> RNFB build script started\"\necho \"info: 1) Locating ${_JSON_FILE_NAME} file:\"\n\nif [[ -z ${_CURRENT_SEARCH_DIR} ]]; then\n  _CURRENT_SEARCH_DIR=$(pwd)\nfi;\n\nwhile true; do\n  _CURRENT_SEARCH_DIR=$(dirname \"$_CURRENT_SEARCH_DIR\")\n  if [[ \"$_CURRENT_SEARCH_DIR\" == \"/\" ]] || [[ ${_CURRENT_LOOKUPS} -gt ${_MAX_LOOKUPS} ]]; then break; fi;\n  echo \"info:      ($_CURRENT_LOOKUPS of $_MAX_LOOKUPS) Searching in '$_CURRENT_SEARCH_DIR' for a ${_JSON_FILE_NAME} file.\"\n  _SEARCH_RESULT=$(find \"$_CURRENT_SEARCH_DIR\" -maxdepth 2 -name ${_JSON_FILE_NAME} -print | head -n 1)\n  if [[ ${_SEARCH_RESULT} ]]; then\n    echo \"info:      ${_JSON_FILE_NAME} found at $_SEARCH_RESULT\"\n    break;\n  fi;\n  _CURRENT_LOOKUPS=$((_CURRENT_LOOKUPS+1))\ndone\n\nif [[ ${_SEARCH_RESULT} ]]; then\n  _JSON_OUTPUT_RAW=$(cat \"${_SEARCH_RESULT}\")\n  _RN_ROOT_EXISTS=$(ruby -e \"require 'rubygems';require 'json'; output=JSON.parse('$_JSON_OUTPUT_RAW'); puts output[$_JSON_ROOT]\" || echo '')\n\n  if [[ ${_RN_ROOT_EXISTS} ]]; then\n    _JSON_OUTPUT_BASE64=$(python -c 'import json,sys,base64;print(base64.b64encode(json.dumps(json.loads(open('\"'${_SEARCH_RESULT}'\"').read())['${_JSON_ROOT}'])))' || echo \"e30=\")\n  fi\n\n  _PLIST_ENTRY_KEYS+=(\"firebase_json_raw\")\n  _PLIST_ENTRY_TYPES+=(\"string\")\n  _PLIST_ENTRY_VALUES+=(\"$_JSON_OUTPUT_BASE64\")\n\n  # config.messaging_auto_init_enabled\n  _MESSAGING_AUTO_INIT=$(getFirebaseJsonKeyValue \"$_JSON_OUTPUT_RAW\" \"messaging_auto_init_enabled\")\n  if [[ $_MESSAGING_AUTO_INIT ]]; then\n    _PLIST_ENTRY_KEYS+=(\"FirebaseMessagingAutoInitEnabled\")\n    _PLIST_ENTRY_TYPES+=(\"bool\")\n    _PLIST_ENTRY_VALUES+=(\"$(jsonBoolToYesNo \"$_MESSAGING_AUTO_INIT\")\")\n  fi\n\n  # config.crashlytics_disable_auto_disabler - undocumented for now - mainly for debugging, document if becomes usful\n  _CRASHLYTICS_AUTO_DISABLE_ENABLED=$(getFirebaseJsonKeyValue \"$_JSON_OUTPUT_RAW\" \"crashlytics_disable_auto_disabler\")\n  if [[ $_CRASHLYTICS_AUTO_DISABLE_ENABLED == \"true\" ]]; then\n    echo \"Disabled Crashlytics auto disabler.\" # do nothing\n  else\n    _PLIST_ENTRY_KEYS+=(\"firebase_crashlytics_collection_enabled\")\n    _PLIST_ENTRY_TYPES+=(\"bool\")\n    _PLIST_ENTRY_VALUES+=(\"NO\")\n  fi\n\n  # config.admob_delay_app_measurement_init\n  _ADMOB_DELAY_APP_MEASUREMENT=$(getFirebaseJsonKeyValue \"$_JSON_OUTPUT_RAW\" \"admob_delay_app_measurement_init\")\n  if [[ $_ADMOB_DELAY_APP_MEASUREMENT == \"true\" ]]; then\n    _PLIST_ENTRY_KEYS+=(\"GADDelayAppMeasurementInit\")\n    _PLIST_ENTRY_TYPES+=(\"bool\")\n    _PLIST_ENTRY_VALUES+=(\"YES\")\n  fi\n\n  # config.admob_ios_app_id\n  _ADMOB_IOS_APP_ID=$(getFirebaseJsonKeyValue \"$_JSON_OUTPUT_RAW\" \"admob_ios_app_id\")\n  if [[ $_ADMOB_IOS_APP_ID ]]; then\n    _PLIST_ENTRY_KEYS+=(\"GADApplicationIdentifier\")\n    _PLIST_ENTRY_TYPES+=(\"string\")\n    _PLIST_ENTRY_VALUES+=(\"$_ADMOB_IOS_APP_ID\")\n  fi\nelse\n  _PLIST_ENTRY_KEYS+=(\"firebase_json_raw\")\n  _PLIST_ENTRY_TYPES+=(\"string\")\n  _PLIST_ENTRY_VALUES+=(\"$_JSON_OUTPUT_BASE64\")\n  echo \"warning:   A firebase.json file was not found, whilst this file is optional it is recommended to include it to configure firebase services in React Native Firebase.\"\nfi;\n\necho \"info: 2) Injecting Info.plist entries: \"\n\n# Log out the keys we're adding\nfor i in \"${!_PLIST_ENTRY_KEYS[@]}\"; do\n  echo \"    ->  $i) ${_PLIST_ENTRY_KEYS[$i]}\" \"${_PLIST_ENTRY_TYPES[$i]}\" \"${_PLIST_ENTRY_VALUES[$i]}\"\ndone\n\nfor plist in \"${_TARGET_PLIST}\" \"${_DSYM_PLIST}\" ; do\n  if [[ -f \"${plist}\" ]]; then\n\n    # paths with spaces break the call to setPlistValue. temporarily modify\n    # the shell internal field separator variable (IFS), which normally \n    # includes spaces, to consist only of line breaks\n    oldifs=$IFS\n    IFS=\"\n\"\n\n    for i in \"${!_PLIST_ENTRY_KEYS[@]}\"; do\n      setPlistValue \"${_PLIST_ENTRY_KEYS[$i]}\" \"${_PLIST_ENTRY_TYPES[$i]}\" \"${_PLIST_ENTRY_VALUES[$i]}\" \"${plist}\"\n    done\n\n    # restore the original internal field separator value\n    IFS=$oldifs\n  else\n    echo \"warning:   A Info.plist build output file was not found (${plist})\"\n  fi\ndone\n\necho \"info: <- RNFB build script finished\"\n\n";
		};
		A940CCEF90EE14CFD46741E2 /* [CP] Copy Pods Resources */ = {
			isa = PBXShellScriptBuildPhase;
			buildActionMask = 2147483647;
			files = (
			);
			inputPaths = (
				"${PODS_ROOT}/Target Support Files/Pods-ToptalBlogster/Pods-ToptalBlogster-resources.sh",
				"${PODS_ROOT}/GoogleSignIn/Resources/GoogleSignIn.bundle",
				"${PODS_ROOT}/../../node_modules/react-native-vector-icons/Fonts/AntDesign.ttf",
				"${PODS_ROOT}/../../node_modules/react-native-vector-icons/Fonts/Entypo.ttf",
				"${PODS_ROOT}/../../node_modules/react-native-vector-icons/Fonts/EvilIcons.ttf",
				"${PODS_ROOT}/../../node_modules/react-native-vector-icons/Fonts/Feather.ttf",
				"${PODS_ROOT}/../../node_modules/react-native-vector-icons/Fonts/FontAwesome.ttf",
				"${PODS_ROOT}/../../node_modules/react-native-vector-icons/Fonts/FontAwesome5_Brands.ttf",
				"${PODS_ROOT}/../../node_modules/react-native-vector-icons/Fonts/FontAwesome5_Regular.ttf",
				"${PODS_ROOT}/../../node_modules/react-native-vector-icons/Fonts/FontAwesome5_Solid.ttf",
				"${PODS_ROOT}/../../node_modules/react-native-vector-icons/Fonts/Fontisto.ttf",
				"${PODS_ROOT}/../../node_modules/react-native-vector-icons/Fonts/Foundation.ttf",
				"${PODS_ROOT}/../../node_modules/react-native-vector-icons/Fonts/Ionicons.ttf",
				"${PODS_ROOT}/../../node_modules/react-native-vector-icons/Fonts/MaterialCommunityIcons.ttf",
				"${PODS_ROOT}/../../node_modules/react-native-vector-icons/Fonts/MaterialIcons.ttf",
				"${PODS_ROOT}/../../node_modules/react-native-vector-icons/Fonts/Octicons.ttf",
				"${PODS_ROOT}/../../node_modules/react-native-vector-icons/Fonts/SimpleLineIcons.ttf",
				"${PODS_ROOT}/../../node_modules/react-native-vector-icons/Fonts/Zocial.ttf",
				"${PODS_CONFIGURATION_BUILD_DIR}/gRPC-C++/gRPCCertificates-Cpp.bundle",
			);
			name = "[CP] Copy Pods Resources";
			outputPaths = (
				"${TARGET_BUILD_DIR}/${UNLOCALIZED_RESOURCES_FOLDER_PATH}/GoogleSignIn.bundle",
				"${TARGET_BUILD_DIR}/${UNLOCALIZED_RESOURCES_FOLDER_PATH}/AntDesign.ttf",
				"${TARGET_BUILD_DIR}/${UNLOCALIZED_RESOURCES_FOLDER_PATH}/Entypo.ttf",
				"${TARGET_BUILD_DIR}/${UNLOCALIZED_RESOURCES_FOLDER_PATH}/EvilIcons.ttf",
				"${TARGET_BUILD_DIR}/${UNLOCALIZED_RESOURCES_FOLDER_PATH}/Feather.ttf",
				"${TARGET_BUILD_DIR}/${UNLOCALIZED_RESOURCES_FOLDER_PATH}/FontAwesome.ttf",
				"${TARGET_BUILD_DIR}/${UNLOCALIZED_RESOURCES_FOLDER_PATH}/FontAwesome5_Brands.ttf",
				"${TARGET_BUILD_DIR}/${UNLOCALIZED_RESOURCES_FOLDER_PATH}/FontAwesome5_Regular.ttf",
				"${TARGET_BUILD_DIR}/${UNLOCALIZED_RESOURCES_FOLDER_PATH}/FontAwesome5_Solid.ttf",
				"${TARGET_BUILD_DIR}/${UNLOCALIZED_RESOURCES_FOLDER_PATH}/Fontisto.ttf",
				"${TARGET_BUILD_DIR}/${UNLOCALIZED_RESOURCES_FOLDER_PATH}/Foundation.ttf",
				"${TARGET_BUILD_DIR}/${UNLOCALIZED_RESOURCES_FOLDER_PATH}/Ionicons.ttf",
				"${TARGET_BUILD_DIR}/${UNLOCALIZED_RESOURCES_FOLDER_PATH}/MaterialCommunityIcons.ttf",
				"${TARGET_BUILD_DIR}/${UNLOCALIZED_RESOURCES_FOLDER_PATH}/MaterialIcons.ttf",
				"${TARGET_BUILD_DIR}/${UNLOCALIZED_RESOURCES_FOLDER_PATH}/Octicons.ttf",
				"${TARGET_BUILD_DIR}/${UNLOCALIZED_RESOURCES_FOLDER_PATH}/SimpleLineIcons.ttf",
				"${TARGET_BUILD_DIR}/${UNLOCALIZED_RESOURCES_FOLDER_PATH}/Zocial.ttf",
				"${TARGET_BUILD_DIR}/${UNLOCALIZED_RESOURCES_FOLDER_PATH}/gRPCCertificates-Cpp.bundle",
			);
			runOnlyForDeploymentPostprocessing = 0;
			shellPath = /bin/sh;
			shellScript = "\"${PODS_ROOT}/Target Support Files/Pods-ToptalBlogster/Pods-ToptalBlogster-resources.sh\"\n";
			showEnvVarsInLog = 0;
		};
		D0F603F75908ADDD72FBAC72 /* [CP] Check Pods Manifest.lock */ = {
			isa = PBXShellScriptBuildPhase;
			buildActionMask = 2147483647;
			files = (
			);
			inputFileListPaths = (
			);
			inputPaths = (
				"${PODS_PODFILE_DIR_PATH}/Podfile.lock",
				"${PODS_ROOT}/Manifest.lock",
			);
			name = "[CP] Check Pods Manifest.lock";
			outputFileListPaths = (
			);
			outputPaths = (
				"$(DERIVED_FILE_DIR)/Pods-ToptalBlogster-tvOSTests-checkManifestLockResult.txt",
			);
			runOnlyForDeploymentPostprocessing = 0;
			shellPath = /bin/sh;
			shellScript = "diff \"${PODS_PODFILE_DIR_PATH}/Podfile.lock\" \"${PODS_ROOT}/Manifest.lock\" > /dev/null\nif [ $? != 0 ] ; then\n    # print error to STDERR\n    echo \"error: The sandbox is not in sync with the Podfile.lock. Run 'pod install' or update your CocoaPods installation.\" >&2\n    exit 1\nfi\n# This output is used by Xcode 'outputs' to avoid re-running this script phase.\necho \"SUCCESS\" > \"${SCRIPT_OUTPUT_FILE_0}\"\n";
			showEnvVarsInLog = 0;
		};
		FD10A7F022414F080027D42C /* Start Packager */ = {
			isa = PBXShellScriptBuildPhase;
			buildActionMask = 2147483647;
			files = (
			);
			inputFileListPaths = (
			);
			inputPaths = (
			);
			name = "Start Packager";
			outputFileListPaths = (
			);
			outputPaths = (
			);
			runOnlyForDeploymentPostprocessing = 0;
			shellPath = /bin/sh;
			shellScript = "export RCT_METRO_PORT=\"${RCT_METRO_PORT:=8081}\"\necho \"export RCT_METRO_PORT=${RCT_METRO_PORT}\" > \"${SRCROOT}/../node_modules/react-native/scripts/.packager.env\"\nif [ -z \"${RCT_NO_LAUNCH_PACKAGER+xxx}\" ] ; then\n  if nc -w 5 -z localhost ${RCT_METRO_PORT} ; then\n    if ! curl -s \"http://localhost:${RCT_METRO_PORT}/status\" | grep -q \"packager-status:running\" ; then\n      echo \"Port ${RCT_METRO_PORT} already in use, packager is either not running or not running correctly\"\n      exit 2\n    fi\n  else\n    open \"$SRCROOT/../node_modules/react-native/scripts/launchPackager.command\" || echo \"Can't start packager automatically\"\n  fi\nfi\n";
			showEnvVarsInLog = 0;
		};
		FD10A7F122414F3F0027D42C /* Start Packager */ = {
			isa = PBXShellScriptBuildPhase;
			buildActionMask = 2147483647;
			files = (
			);
			inputFileListPaths = (
			);
			inputPaths = (
			);
			name = "Start Packager";
			outputFileListPaths = (
			);
			outputPaths = (
			);
			runOnlyForDeploymentPostprocessing = 0;
			shellPath = /bin/sh;
			shellScript = "export RCT_METRO_PORT=\"${RCT_METRO_PORT:=8081}\"\necho \"export RCT_METRO_PORT=${RCT_METRO_PORT}\" > \"${SRCROOT}/../node_modules/react-native/scripts/.packager.env\"\nif [ -z \"${RCT_NO_LAUNCH_PACKAGER+xxx}\" ] ; then\n  if nc -w 5 -z localhost ${RCT_METRO_PORT} ; then\n    if ! curl -s \"http://localhost:${RCT_METRO_PORT}/status\" | grep -q \"packager-status:running\" ; then\n      echo \"Port ${RCT_METRO_PORT} already in use, packager is either not running or not running correctly\"\n      exit 2\n    fi\n  else\n    open \"$SRCROOT/../node_modules/react-native/scripts/launchPackager.command\" || echo \"Can't start packager automatically\"\n  fi\nfi\n";
			showEnvVarsInLog = 0;
		};
/* End PBXShellScriptBuildPhase section */

/* Begin PBXSourcesBuildPhase section */
		00E356EA1AD99517003FC87E /* Sources */ = {
			isa = PBXSourcesBuildPhase;
			buildActionMask = 2147483647;
			files = (
				00E356F31AD99517003FC87E /* ToptalBlogsterTests.m in Sources */,
			);
			runOnlyForDeploymentPostprocessing = 0;
		};
		13B07F871A680F5B00A75B9A /* Sources */ = {
			isa = PBXSourcesBuildPhase;
			buildActionMask = 2147483647;
			files = (
				13B07FBC1A68108700A75B9A /* AppDelegate.m in Sources */,
				13B07FC11A68108700A75B9A /* main.m in Sources */,
			);
			runOnlyForDeploymentPostprocessing = 0;
		};
		2D02E4771E0B4A5D006451C7 /* Sources */ = {
			isa = PBXSourcesBuildPhase;
			buildActionMask = 2147483647;
			files = (
				2D02E4BF1E0B4AB3006451C7 /* main.m in Sources */,
				2D02E4BC1E0B4A80006451C7 /* AppDelegate.m in Sources */,
			);
			runOnlyForDeploymentPostprocessing = 0;
		};
		2D02E48C1E0B4A5D006451C7 /* Sources */ = {
			isa = PBXSourcesBuildPhase;
			buildActionMask = 2147483647;
			files = (
				2DCD954D1E0B4F2C00145EB5 /* ToptalBlogsterTests.m in Sources */,
			);
			runOnlyForDeploymentPostprocessing = 0;
		};
/* End PBXSourcesBuildPhase section */

/* Begin PBXTargetDependency section */
		00E356F51AD99517003FC87E /* PBXTargetDependency */ = {
			isa = PBXTargetDependency;
			target = 13B07F861A680F5B00A75B9A /* ToptalBlogster */;
			targetProxy = 00E356F41AD99517003FC87E /* PBXContainerItemProxy */;
		};
		2D02E4921E0B4A5D006451C7 /* PBXTargetDependency */ = {
			isa = PBXTargetDependency;
			target = 2D02E47A1E0B4A5D006451C7 /* ToptalBlogster-tvOS */;
			targetProxy = 2D02E4911E0B4A5D006451C7 /* PBXContainerItemProxy */;
		};
/* End PBXTargetDependency section */

/* Begin PBXVariantGroup section */
		13B07FB11A68108700A75B9A /* LaunchScreen.xib */ = {
			isa = PBXVariantGroup;
			children = (
				13B07FB21A68108700A75B9A /* Base */,
			);
			name = LaunchScreen.xib;
			path = ToptalBlogster;
			sourceTree = "<group>";
		};
/* End PBXVariantGroup section */

/* Begin XCBuildConfiguration section */
		00E356F61AD99517003FC87E /* Debug */ = {
			isa = XCBuildConfiguration;
			baseConfigurationReference = 99C3BE7CD7FB392FCC9CC195 /* Pods-ToptalBlogster-ToptalBlogsterTests.debug.xcconfig */;
			buildSettings = {
				BUNDLE_LOADER = "$(TEST_HOST)";
				GCC_PREPROCESSOR_DEFINITIONS = (
					"DEBUG=1",
					"$(inherited)",
				);
				INFOPLIST_FILE = ToptalBlogsterTests/Info.plist;
				IPHONEOS_DEPLOYMENT_TARGET = 9.0;
				LD_RUNPATH_SEARCH_PATHS = "$(inherited) @executable_path/Frameworks @loader_path/Frameworks";
				OTHER_LDFLAGS = (
					"-ObjC",
					"-lc++",
					"$(inherited)",
				);
				PRODUCT_BUNDLE_IDENTIFIER = "org.reactjs.native.example.$(PRODUCT_NAME:rfc1034identifier)";
				PRODUCT_NAME = "$(TARGET_NAME)";
				TEST_HOST = "$(BUILT_PRODUCTS_DIR)/ToptalBlogster.app/ToptalBlogster";
			};
			name = Debug;
		};
		00E356F71AD99517003FC87E /* Release */ = {
			isa = XCBuildConfiguration;
			baseConfigurationReference = DE19617FB1B874540589DB51 /* Pods-ToptalBlogster-ToptalBlogsterTests.release.xcconfig */;
			buildSettings = {
				BUNDLE_LOADER = "$(TEST_HOST)";
				COPY_PHASE_STRIP = NO;
				INFOPLIST_FILE = ToptalBlogsterTests/Info.plist;
				IPHONEOS_DEPLOYMENT_TARGET = 9.0;
				LD_RUNPATH_SEARCH_PATHS = "$(inherited) @executable_path/Frameworks @loader_path/Frameworks";
				OTHER_LDFLAGS = (
					"-ObjC",
					"-lc++",
					"$(inherited)",
				);
				PRODUCT_BUNDLE_IDENTIFIER = "org.reactjs.native.example.$(PRODUCT_NAME:rfc1034identifier)";
				PRODUCT_NAME = "$(TARGET_NAME)";
				TEST_HOST = "$(BUILT_PRODUCTS_DIR)/ToptalBlogster.app/ToptalBlogster";
			};
			name = Release;
		};
		13B07F941A680F5B00A75B9A /* Debug */ = {
			isa = XCBuildConfiguration;
			baseConfigurationReference = F605397DD5480034E58599D5 /* Pods-ToptalBlogster.debug.xcconfig */;
			buildSettings = {
				ASSETCATALOG_COMPILER_APPICON_NAME = AppIcon;
				CLANG_ENABLE_MODULES = YES;
				CURRENT_PROJECT_VERSION = 1;
				DEVELOPMENT_TEAM = M772E93TAU;
				ENABLE_BITCODE = NO;
				GCC_PREPROCESSOR_DEFINITIONS = (
					"$(inherited)",
					"FB_SONARKIT_ENABLED=1",
				);
				INFOPLIST_FILE = ToptalBlogster/Info.plist;
				LD_RUNPATH_SEARCH_PATHS = "$(inherited) @executable_path/Frameworks";
				OTHER_LDFLAGS = (
					"$(inherited)",
					"-ObjC",
					"-lc++",
				);
				PRODUCT_BUNDLE_IDENTIFIER = com.bertco.ToptalBlogster;
				PRODUCT_NAME = ToptalBlogster;
				SWIFT_OPTIMIZATION_LEVEL = "-Onone";
				SWIFT_VERSION = 5.0;
				TARGETED_DEVICE_FAMILY = "1,2";
				VERSIONING_SYSTEM = "apple-generic";
			};
			name = Debug;
		};
		13B07F951A680F5B00A75B9A /* Release */ = {
			isa = XCBuildConfiguration;
			baseConfigurationReference = 868131B0FE4229A99B273220 /* Pods-ToptalBlogster.release.xcconfig */;
			buildSettings = {
				ASSETCATALOG_COMPILER_APPICON_NAME = AppIcon;
				CLANG_ENABLE_MODULES = YES;
				CURRENT_PROJECT_VERSION = 1;
				DEVELOPMENT_TEAM = M772E93TAU;
				INFOPLIST_FILE = ToptalBlogster/Info.plist;
				LD_RUNPATH_SEARCH_PATHS = "$(inherited) @executable_path/Frameworks";
				OTHER_LDFLAGS = (
					"$(inherited)",
					"-ObjC",
					"-lc++",
				);
				PRODUCT_BUNDLE_IDENTIFIER = com.bertco.ToptalBlogster;
				PRODUCT_NAME = ToptalBlogster;
				SWIFT_VERSION = 5.0;
				TARGETED_DEVICE_FAMILY = "1,2";
				VERSIONING_SYSTEM = "apple-generic";
			};
			name = Release;
		};
		2D02E4971E0B4A5E006451C7 /* Debug */ = {
			isa = XCBuildConfiguration;
			baseConfigurationReference = 8112AD8D751688635510562D /* Pods-ToptalBlogster-tvOS.debug.xcconfig */;
			buildSettings = {
				ASSETCATALOG_COMPILER_APPICON_NAME = "App Icon & Top Shelf Image";
				ASSETCATALOG_COMPILER_LAUNCHIMAGE_NAME = LaunchImage;
				CLANG_ANALYZER_NONNULL = YES;
				CLANG_WARN_DOCUMENTATION_COMMENTS = YES;
				CLANG_WARN_INFINITE_RECURSION = YES;
				CLANG_WARN_SUSPICIOUS_MOVE = YES;
				DEBUG_INFORMATION_FORMAT = dwarf;
				ENABLE_TESTABILITY = YES;
				GCC_NO_COMMON_BLOCKS = YES;
				INFOPLIST_FILE = "ToptalBlogster-tvOS/Info.plist";
				LD_RUNPATH_SEARCH_PATHS = "$(inherited) @executable_path/Frameworks";
				OTHER_LDFLAGS = (
					"$(inherited)",
					"-ObjC",
					"-lc++",
				);
				PRODUCT_BUNDLE_IDENTIFIER = "org.reactjs.native.example.ToptalBlogster-tvOS";
				PRODUCT_NAME = "$(TARGET_NAME)";
				SDKROOT = appletvos;
				TARGETED_DEVICE_FAMILY = 3;
				TVOS_DEPLOYMENT_TARGET = 9.2;
			};
			name = Debug;
		};
		2D02E4981E0B4A5E006451C7 /* Release */ = {
			isa = XCBuildConfiguration;
			baseConfigurationReference = B2CE7F84E047FE232BF5B038 /* Pods-ToptalBlogster-tvOS.release.xcconfig */;
			buildSettings = {
				ASSETCATALOG_COMPILER_APPICON_NAME = "App Icon & Top Shelf Image";
				ASSETCATALOG_COMPILER_LAUNCHIMAGE_NAME = LaunchImage;
				CLANG_ANALYZER_NONNULL = YES;
				CLANG_WARN_DOCUMENTATION_COMMENTS = YES;
				CLANG_WARN_INFINITE_RECURSION = YES;
				CLANG_WARN_SUSPICIOUS_MOVE = YES;
				COPY_PHASE_STRIP = NO;
				DEBUG_INFORMATION_FORMAT = "dwarf-with-dsym";
				GCC_NO_COMMON_BLOCKS = YES;
				INFOPLIST_FILE = "ToptalBlogster-tvOS/Info.plist";
				LD_RUNPATH_SEARCH_PATHS = "$(inherited) @executable_path/Frameworks";
				OTHER_LDFLAGS = (
					"$(inherited)",
					"-ObjC",
					"-lc++",
				);
				PRODUCT_BUNDLE_IDENTIFIER = "org.reactjs.native.example.ToptalBlogster-tvOS";
				PRODUCT_NAME = "$(TARGET_NAME)";
				SDKROOT = appletvos;
				TARGETED_DEVICE_FAMILY = 3;
				TVOS_DEPLOYMENT_TARGET = 9.2;
			};
			name = Release;
		};
		2D02E4991E0B4A5E006451C7 /* Debug */ = {
			isa = XCBuildConfiguration;
			baseConfigurationReference = 830C0905DEA1B146E2876CA4 /* Pods-ToptalBlogster-tvOSTests.debug.xcconfig */;
			buildSettings = {
				BUNDLE_LOADER = "$(TEST_HOST)";
				CLANG_ANALYZER_NONNULL = YES;
				CLANG_WARN_DOCUMENTATION_COMMENTS = YES;
				CLANG_WARN_INFINITE_RECURSION = YES;
				CLANG_WARN_SUSPICIOUS_MOVE = YES;
				DEBUG_INFORMATION_FORMAT = dwarf;
				ENABLE_TESTABILITY = YES;
				GCC_NO_COMMON_BLOCKS = YES;
				INFOPLIST_FILE = "ToptalBlogster-tvOSTests/Info.plist";
				LD_RUNPATH_SEARCH_PATHS = "$(inherited) @executable_path/Frameworks @loader_path/Frameworks";
				OTHER_LDFLAGS = (
					"$(inherited)",
					"-ObjC",
					"-lc++",
				);
				PRODUCT_BUNDLE_IDENTIFIER = "org.reactjs.native.example.ToptalBlogster-tvOSTests";
				PRODUCT_NAME = "$(TARGET_NAME)";
				SDKROOT = appletvos;
				TEST_HOST = "$(BUILT_PRODUCTS_DIR)/ToptalBlogster-tvOS.app/ToptalBlogster-tvOS";
				TVOS_DEPLOYMENT_TARGET = 10.1;
			};
			name = Debug;
		};
		2D02E49A1E0B4A5E006451C7 /* Release */ = {
			isa = XCBuildConfiguration;
			baseConfigurationReference = 0173F4F1D977B4A14B557DD0 /* Pods-ToptalBlogster-tvOSTests.release.xcconfig */;
			buildSettings = {
				BUNDLE_LOADER = "$(TEST_HOST)";
				CLANG_ANALYZER_NONNULL = YES;
				CLANG_WARN_DOCUMENTATION_COMMENTS = YES;
				CLANG_WARN_INFINITE_RECURSION = YES;
				CLANG_WARN_SUSPICIOUS_MOVE = YES;
				COPY_PHASE_STRIP = NO;
				DEBUG_INFORMATION_FORMAT = "dwarf-with-dsym";
				GCC_NO_COMMON_BLOCKS = YES;
				INFOPLIST_FILE = "ToptalBlogster-tvOSTests/Info.plist";
				LD_RUNPATH_SEARCH_PATHS = "$(inherited) @executable_path/Frameworks @loader_path/Frameworks";
				OTHER_LDFLAGS = (
					"$(inherited)",
					"-ObjC",
					"-lc++",
				);
				PRODUCT_BUNDLE_IDENTIFIER = "org.reactjs.native.example.ToptalBlogster-tvOSTests";
				PRODUCT_NAME = "$(TARGET_NAME)";
				SDKROOT = appletvos;
				TEST_HOST = "$(BUILT_PRODUCTS_DIR)/ToptalBlogster-tvOS.app/ToptalBlogster-tvOS";
				TVOS_DEPLOYMENT_TARGET = 10.1;
			};
			name = Release;
		};
		83CBBA201A601CBA00E9B192 /* Debug */ = {
			isa = XCBuildConfiguration;
			buildSettings = {
				ALWAYS_SEARCH_USER_PATHS = NO;
				CLANG_ANALYZER_LOCALIZABILITY_NONLOCALIZED = YES;
				CLANG_CXX_LANGUAGE_STANDARD = "gnu++0x";
				CLANG_CXX_LIBRARY = "libc++";
				CLANG_ENABLE_MODULES = YES;
				CLANG_ENABLE_OBJC_ARC = YES;
				CLANG_WARN_BLOCK_CAPTURE_AUTORELEASING = YES;
				CLANG_WARN_BOOL_CONVERSION = YES;
				CLANG_WARN_COMMA = YES;
				CLANG_WARN_CONSTANT_CONVERSION = YES;
				CLANG_WARN_DEPRECATED_OBJC_IMPLEMENTATIONS = YES;
				CLANG_WARN_DIRECT_OBJC_ISA_USAGE = YES_ERROR;
				CLANG_WARN_EMPTY_BODY = YES;
				CLANG_WARN_ENUM_CONVERSION = YES;
				CLANG_WARN_INFINITE_RECURSION = YES;
				CLANG_WARN_INT_CONVERSION = YES;
				CLANG_WARN_NON_LITERAL_NULL_CONVERSION = YES;
				CLANG_WARN_OBJC_IMPLICIT_RETAIN_SELF = YES;
				CLANG_WARN_OBJC_LITERAL_CONVERSION = YES;
				CLANG_WARN_OBJC_ROOT_CLASS = YES_ERROR;
				CLANG_WARN_RANGE_LOOP_ANALYSIS = YES;
				CLANG_WARN_STRICT_PROTOTYPES = YES;
				CLANG_WARN_SUSPICIOUS_MOVE = YES;
				CLANG_WARN_UNREACHABLE_CODE = YES;
				CLANG_WARN__DUPLICATE_METHOD_MATCH = YES;
				"CODE_SIGN_IDENTITY[sdk=iphoneos*]" = "iPhone Developer";
				COPY_PHASE_STRIP = NO;
				ENABLE_STRICT_OBJC_MSGSEND = YES;
				ENABLE_TESTABILITY = YES;
				GCC_C_LANGUAGE_STANDARD = gnu99;
				GCC_DYNAMIC_NO_PIC = NO;
				GCC_NO_COMMON_BLOCKS = YES;
				GCC_OPTIMIZATION_LEVEL = 0;
				GCC_PREPROCESSOR_DEFINITIONS = (
					"DEBUG=1",
					"$(inherited)",
				);
				GCC_SYMBOLS_PRIVATE_EXTERN = NO;
				GCC_WARN_64_TO_32_BIT_CONVERSION = YES;
				GCC_WARN_ABOUT_RETURN_TYPE = YES_ERROR;
				GCC_WARN_UNDECLARED_SELECTOR = YES;
				GCC_WARN_UNINITIALIZED_AUTOS = YES_AGGRESSIVE;
				GCC_WARN_UNUSED_FUNCTION = YES;
				GCC_WARN_UNUSED_VARIABLE = YES;
				IPHONEOS_DEPLOYMENT_TARGET = 9.0;
				LD_RUNPATH_SEARCH_PATHS = "/usr/lib/swift $(inherited)";
				LIBRARY_SEARCH_PATHS = (
					"\"$(TOOLCHAIN_DIR)/usr/lib/swift/$(PLATFORM_NAME)\"",
					"\"$(TOOLCHAIN_DIR)/usr/lib/swift-5.0/$(PLATFORM_NAME)\"",
					"\"$(inherited)\"",
				);
				MTL_ENABLE_DEBUG_INFO = YES;
				ONLY_ACTIVE_ARCH = YES;
				SDKROOT = iphoneos;
			};
			name = Debug;
		};
		83CBBA211A601CBA00E9B192 /* Release */ = {
			isa = XCBuildConfiguration;
			buildSettings = {
				ALWAYS_SEARCH_USER_PATHS = NO;
				CLANG_ANALYZER_LOCALIZABILITY_NONLOCALIZED = YES;
				CLANG_CXX_LANGUAGE_STANDARD = "gnu++0x";
				CLANG_CXX_LIBRARY = "libc++";
				CLANG_ENABLE_MODULES = YES;
				CLANG_ENABLE_OBJC_ARC = YES;
				CLANG_WARN_BLOCK_CAPTURE_AUTORELEASING = YES;
				CLANG_WARN_BOOL_CONVERSION = YES;
				CLANG_WARN_COMMA = YES;
				CLANG_WARN_CONSTANT_CONVERSION = YES;
				CLANG_WARN_DEPRECATED_OBJC_IMPLEMENTATIONS = YES;
				CLANG_WARN_DIRECT_OBJC_ISA_USAGE = YES_ERROR;
				CLANG_WARN_EMPTY_BODY = YES;
				CLANG_WARN_ENUM_CONVERSION = YES;
				CLANG_WARN_INFINITE_RECURSION = YES;
				CLANG_WARN_INT_CONVERSION = YES;
				CLANG_WARN_NON_LITERAL_NULL_CONVERSION = YES;
				CLANG_WARN_OBJC_IMPLICIT_RETAIN_SELF = YES;
				CLANG_WARN_OBJC_LITERAL_CONVERSION = YES;
				CLANG_WARN_OBJC_ROOT_CLASS = YES_ERROR;
				CLANG_WARN_RANGE_LOOP_ANALYSIS = YES;
				CLANG_WARN_STRICT_PROTOTYPES = YES;
				CLANG_WARN_SUSPICIOUS_MOVE = YES;
				CLANG_WARN_UNREACHABLE_CODE = YES;
				CLANG_WARN__DUPLICATE_METHOD_MATCH = YES;
				"CODE_SIGN_IDENTITY[sdk=iphoneos*]" = "iPhone Developer";
				COPY_PHASE_STRIP = YES;
				ENABLE_NS_ASSERTIONS = NO;
				ENABLE_STRICT_OBJC_MSGSEND = YES;
				GCC_C_LANGUAGE_STANDARD = gnu99;
				GCC_NO_COMMON_BLOCKS = YES;
				GCC_WARN_64_TO_32_BIT_CONVERSION = YES;
				GCC_WARN_ABOUT_RETURN_TYPE = YES_ERROR;
				GCC_WARN_UNDECLARED_SELECTOR = YES;
				GCC_WARN_UNINITIALIZED_AUTOS = YES_AGGRESSIVE;
				GCC_WARN_UNUSED_FUNCTION = YES;
				GCC_WARN_UNUSED_VARIABLE = YES;
				IPHONEOS_DEPLOYMENT_TARGET = 9.0;
				LD_RUNPATH_SEARCH_PATHS = "/usr/lib/swift $(inherited)";
				LIBRARY_SEARCH_PATHS = (
					"\"$(TOOLCHAIN_DIR)/usr/lib/swift/$(PLATFORM_NAME)\"",
					"\"$(TOOLCHAIN_DIR)/usr/lib/swift-5.0/$(PLATFORM_NAME)\"",
					"\"$(inherited)\"",
				);
				MTL_ENABLE_DEBUG_INFO = NO;
				SDKROOT = iphoneos;
				VALIDATE_PRODUCT = YES;
			};
			name = Release;
		};
/* End XCBuildConfiguration section */

/* Begin XCConfigurationList section */
		00E357021AD99517003FC87E /* Build configuration list for PBXNativeTarget "ToptalBlogsterTests" */ = {
			isa = XCConfigurationList;
			buildConfigurations = (
				00E356F61AD99517003FC87E /* Debug */,
				00E356F71AD99517003FC87E /* Release */,
			);
			defaultConfigurationIsVisible = 0;
			defaultConfigurationName = Release;
		};
		13B07F931A680F5B00A75B9A /* Build configuration list for PBXNativeTarget "ToptalBlogster" */ = {
			isa = XCConfigurationList;
			buildConfigurations = (
				13B07F941A680F5B00A75B9A /* Debug */,
				13B07F951A680F5B00A75B9A /* Release */,
			);
			defaultConfigurationIsVisible = 0;
			defaultConfigurationName = Release;
		};
		2D02E4BA1E0B4A5E006451C7 /* Build configuration list for PBXNativeTarget "ToptalBlogster-tvOS" */ = {
			isa = XCConfigurationList;
			buildConfigurations = (
				2D02E4971E0B4A5E006451C7 /* Debug */,
				2D02E4981E0B4A5E006451C7 /* Release */,
			);
			defaultConfigurationIsVisible = 0;
			defaultConfigurationName = Release;
		};
		2D02E4BB1E0B4A5E006451C7 /* Build configuration list for PBXNativeTarget "ToptalBlogster-tvOSTests" */ = {
			isa = XCConfigurationList;
			buildConfigurations = (
				2D02E4991E0B4A5E006451C7 /* Debug */,
				2D02E49A1E0B4A5E006451C7 /* Release */,
			);
			defaultConfigurationIsVisible = 0;
			defaultConfigurationName = Release;
		};
		83CBB9FA1A601CBA00E9B192 /* Build configuration list for PBXProject "ToptalBlogster" */ = {
			isa = XCConfigurationList;
			buildConfigurations = (
				83CBBA201A601CBA00E9B192 /* Debug */,
				83CBBA211A601CBA00E9B192 /* Release */,
			);
			defaultConfigurationIsVisible = 0;
			defaultConfigurationName = Release;
		};
/* End XCConfigurationList section */
	};
	rootObject = 83CBB9F71A601CBA00E9B192 /* Project object */;
}
